// !$*UTF8*$!
{
	archiveVersion = 1;
	classes = {
	};
	objectVersion = 46;
	objects = {

/* Begin PBXBuildFile section */
		3191832CD86C943D575AED91 /* libPods-CIDE.a in Frameworks */ = {isa = PBXBuildFile; fileRef = A47A3EEBC32C99FE6AE14ECA /* libPods-CIDE.a */; };
		EF20E9081A5CD8FE00542567 /* femenino.png in Resources */ = {isa = PBXBuildFile; fileRef = EF20E9061A5CD8FE00542567 /* femenino.png */; };
		EF20E9091A5CD8FE00542567 /* masculino.png in Resources */ = {isa = PBXBuildFile; fileRef = EF20E9071A5CD8FE00542567 /* masculino.png */; };
		EF20E90C1A5CDDEF00542567 /* SettingsViewController.m in Sources */ = {isa = PBXBuildFile; fileRef = EF20E90B1A5CDDEF00542567 /* SettingsViewController.m */; };
		EF20E90F1A5D4CFF00542567 /* MapViewController.m in Sources */ = {isa = PBXBuildFile; fileRef = EF20E90E1A5D4CFF00542567 /* MapViewController.m */; };
		EF20E9121A5D4DE200542567 /* TestimonialFormViewController.m in Sources */ = {isa = PBXBuildFile; fileRef = EF20E9111A5D4DE200542567 /* TestimonialFormViewController.m */; };
		EF20E9181A5D4E6200542567 /* TestimonialsListViewController.m in Sources */ = {isa = PBXBuildFile; fileRef = EF20E9171A5D4E6200542567 /* TestimonialsListViewController.m */; };
		EF20E9201A5D5FB200542567 /* fondo1.png in Resources */ = {isa = PBXBuildFile; fileRef = EF20E91F1A5D5FB200542567 /* fondo1.png */; };
		EF20E9231A61FCB400542567 /* LoginFBViewController.m in Sources */ = {isa = PBXBuildFile; fileRef = EF20E9221A61FCB400542567 /* LoginFBViewController.m */; };
		EF20E9641A62144800542567 /* PropuestasViewController.m in Sources */ = {isa = PBXBuildFile; fileRef = EF20E9631A62144800542567 /* PropuestasViewController.m */; };
		EF20E9671A62161100542567 /* PropuestasCategoryViewController.m in Sources */ = {isa = PBXBuildFile; fileRef = EF20E9661A62161100542567 /* PropuestasCategoryViewController.m */; };
		EFA4655C1A62FAA800BE92D8 /* PropuestaDetailViewController.m in Sources */ = {isa = PBXBuildFile; fileRef = EFA4655B1A62FAA800BE92D8 /* PropuestaDetailViewController.m */; };
		EFA4655F1A631F3100BE92D8 /* ArgumentosViewController.m in Sources */ = {isa = PBXBuildFile; fileRef = EFA4655E1A631F3100BE92D8 /* ArgumentosViewController.m */; };
		EFA465611A64DE5A00BE92D8 /* botones_navegacion_cerrar.png in Resources */ = {isa = PBXBuildFile; fileRef = EFA465601A64DE5A00BE92D8 /* botones_navegacion_cerrar.png */; };
		EFA465661A64DE7700BE92D8 /* SourceSansPro-Bold.ttf in Resources */ = {isa = PBXBuildFile; fileRef = EFA465621A64DE7700BE92D8 /* SourceSansPro-Bold.ttf */; };
		EFA465671A64DE7700BE92D8 /* SourceSansPro-Light.ttf in Resources */ = {isa = PBXBuildFile; fileRef = EFA465631A64DE7700BE92D8 /* SourceSansPro-Light.ttf */; };
		EFA465681A64DE7700BE92D8 /* SourceSansPro-Regular.ttf in Resources */ = {isa = PBXBuildFile; fileRef = EFA465641A64DE7700BE92D8 /* SourceSansPro-Regular.ttf */; };
		EFA465691A64DE7700BE92D8 /* RobotoSlab-Regular.ttf in Resources */ = {isa = PBXBuildFile; fileRef = EFA465651A64DE7700BE92D8 /* RobotoSlab-Regular.ttf */; };
		EFA4656D1A6548D100BE92D8 /* next.png in Resources */ = {isa = PBXBuildFile; fileRef = EFA4656C1A6548D100BE92D8 /* next.png */; };
		EFA465721A67927600BE92D8 /* TermsViewController.m in Sources */ = {isa = PBXBuildFile; fileRef = EFA465711A67927600BE92D8 /* TermsViewController.m */; };
		EFA465751A6795B700BE92D8 /* PropuestasMsgViewController.m in Sources */ = {isa = PBXBuildFile; fileRef = EFA465741A6795B700BE92D8 /* PropuestasMsgViewController.m */; };
		EFA465781A68E21400BE92D8 /* InfoViewController.m in Sources */ = {isa = PBXBuildFile; fileRef = EFA465771A68E21400BE92D8 /* InfoViewController.m */; };
		EFA4657B1A6AFA4500BE92D8 /* PropTableViewCell.m in Sources */ = {isa = PBXBuildFile; fileRef = EFA4657A1A6AFA4500BE92D8 /* PropTableViewCell.m */; };
		EFA4658A1A6E096500BE92D8 /* botones_votacion-01.png in Resources */ = {isa = PBXBuildFile; fileRef = EFA4657C1A6E096500BE92D8 /* botones_votacion-01.png */; };
		EFA4658B1A6E096500BE92D8 /* botones_votacion-02.png in Resources */ = {isa = PBXBuildFile; fileRef = EFA4657D1A6E096500BE92D8 /* botones_votacion-02.png */; };
		EFA4658C1A6E096500BE92D8 /* botones_votacion-03.png in Resources */ = {isa = PBXBuildFile; fileRef = EFA4657E1A6E096500BE92D8 /* botones_votacion-03.png */; };
		EFA4658D1A6E096500BE92D8 /* botones_votacion-04.png in Resources */ = {isa = PBXBuildFile; fileRef = EFA4657F1A6E096500BE92D8 /* botones_votacion-04.png */; };
		EFA4658E1A6E096500BE92D8 /* botones_votacion-05.png in Resources */ = {isa = PBXBuildFile; fileRef = EFA465801A6E096500BE92D8 /* botones_votacion-05.png */; };
		EFA4658F1A6E096500BE92D8 /* botones_votacion-06.png in Resources */ = {isa = PBXBuildFile; fileRef = EFA465811A6E096500BE92D8 /* botones_votacion-06.png */; };
		EFA465901A6E096500BE92D8 /* tabs_propuestas_apagados_64px-11-13.png in Resources */ = {isa = PBXBuildFile; fileRef = EFA465821A6E096500BE92D8 /* tabs_propuestas_apagados_64px-11-13.png */; };
		EFA465911A6E096500BE92D8 /* tabs_propuestas_apagados_64px-11-14.png in Resources */ = {isa = PBXBuildFile; fileRef = EFA465831A6E096500BE92D8 /* tabs_propuestas_apagados_64px-11-14.png */; };
		EFA465921A6E096500BE92D8 /* tabs_propuestas_apagados-09.png in Resources */ = {isa = PBXBuildFile; fileRef = EFA465841A6E096500BE92D8 /* tabs_propuestas_apagados-09.png */; };
		EFA465931A6E096500BE92D8 /* tabs_propuestas_apagados-10.png in Resources */ = {isa = PBXBuildFile; fileRef = EFA465851A6E096500BE92D8 /* tabs_propuestas_apagados-10.png */; };
		EFA465941A6E096500BE92D8 /* tabs_propuestas_encendidos_64px-11.png in Resources */ = {isa = PBXBuildFile; fileRef = EFA465861A6E096500BE92D8 /* tabs_propuestas_encendidos_64px-11.png */; };
		EFA465951A6E096500BE92D8 /* tabs_propuestas_encendidos_64px-12.png in Resources */ = {isa = PBXBuildFile; fileRef = EFA465871A6E096500BE92D8 /* tabs_propuestas_encendidos_64px-12.png */; };
		EFA465961A6E096500BE92D8 /* tabs_propuestas_encendidos-07.png in Resources */ = {isa = PBXBuildFile; fileRef = EFA465881A6E096500BE92D8 /* tabs_propuestas_encendidos-07.png */; };
		EFA465971A6E096500BE92D8 /* tabs_propuestas_encendidos-08.png in Resources */ = {isa = PBXBuildFile; fileRef = EFA465891A6E096500BE92D8 /* tabs_propuestas_encendidos-08.png */; };
		EFA465E91A6F3D5D00BE92D8 /* libCorePlot-CocoaTouch.a in Frameworks */ = {isa = PBXBuildFile; fileRef = EFA465E81A6F3D5D00BE92D8 /* libCorePlot-CocoaTouch.a */; };
		EFA465EC1A7557DF00BE92D8 /* CIDEColors.m in Sources */ = {isa = PBXBuildFile; fileRef = EFA465EB1A7557DF00BE92D8 /* CIDEColors.m */; };
		EFB8F6011A54A21E003EA845 /* TutorialViewController.m in Sources */ = {isa = PBXBuildFile; fileRef = EFB8F6001A54A21E003EA845 /* TutorialViewController.m */; };
		EFB8F6041A54B895003EA845 /* PrincipalOptionsViewController.m in Sources */ = {isa = PBXBuildFile; fileRef = EFB8F6031A54B895003EA845 /* PrincipalOptionsViewController.m */; };
		EFB8F60D1A54BFEC003EA845 /* CategoryOptionsViewController.m in Sources */ = {isa = PBXBuildFile; fileRef = EFB8F60C1A54BFEC003EA845 /* CategoryOptionsViewController.m */; };
		EFB8F6101A54C03B003EA845 /* CategoryDescriptionViewController.m in Sources */ = {isa = PBXBuildFile; fileRef = EFB8F60F1A54C03B003EA845 /* CategoryDescriptionViewController.m */; };
		EFB8F6171A56CAEE003EA845 /* Tutorial2ViewController.m in Sources */ = {isa = PBXBuildFile; fileRef = EFB8F6161A56CAEE003EA845 /* Tutorial2ViewController.m */; };
		EFB8F6191A56CC4F003EA845 /* MapKit.framework in Frameworks */ = {isa = PBXBuildFile; fileRef = EFB8F6181A56CC4F003EA845 /* MapKit.framework */; };
		EFB8F61B1A570208003EA845 /* Social.framework in Frameworks */ = {isa = PBXBuildFile; fileRef = EFB8F61A1A570208003EA845 /* Social.framework */; };
		EFB8F6301A577B12003EA845 /* Logo.png in Resources */ = {isa = PBXBuildFile; fileRef = EFB8F6201A577B12003EA845 /* Logo.png */; };
		EFB8F6341A577B12003EA845 /* splash.png in Resources */ = {isa = PBXBuildFile; fileRef = EFB8F6241A577B12003EA845 /* splash.png */; };
		EFB8F6361A577B12003EA845 /* tut1.png in Resources */ = {isa = PBXBuildFile; fileRef = EFB8F6261A577B12003EA845 /* tut1.png */; };
		EFB8F6371A577B12003EA845 /* tut2.png in Resources */ = {isa = PBXBuildFile; fileRef = EFB8F6271A577B12003EA845 /* tut2.png */; };
		EFB8F6381A577B12003EA845 /* tut3.png in Resources */ = {isa = PBXBuildFile; fileRef = EFB8F6281A577B12003EA845 /* tut3.png */; };
		EFB8F6391A577B12003EA845 /* tut4.png in Resources */ = {isa = PBXBuildFile; fileRef = EFB8F6291A577B12003EA845 /* tut4.png */; };
		EFB8F6401A5A291C003EA845 /* SeeTestTableViewController.m in Sources */ = {isa = PBXBuildFile; fileRef = EFB8F63F1A5A291C003EA845 /* SeeTestTableViewController.m */; };
		EFB8F6431A5A296C003EA845 /* TestCellTableViewCell.m in Sources */ = {isa = PBXBuildFile; fileRef = EFB8F6421A5A296C003EA845 /* TestCellTableViewCell.m */; };
		EFEF6A371A4D123000046820 /* main.m in Sources */ = {isa = PBXBuildFile; fileRef = EFEF6A361A4D123000046820 /* main.m */; };
		EFEF6A3A1A4D123000046820 /* AppDelegate.m in Sources */ = {isa = PBXBuildFile; fileRef = EFEF6A391A4D123000046820 /* AppDelegate.m */; };
		EFEF6A401A4D123000046820 /* Testimonials.storyboard in Resources */ = {isa = PBXBuildFile; fileRef = EFEF6A3E1A4D123000046820 /* Testimonials.storyboard */; };
		EFEF6A421A4D123000046820 /* Images.xcassets in Resources */ = {isa = PBXBuildFile; fileRef = EFEF6A411A4D123000046820 /* Images.xcassets */; };
		EFEF6A451A4D123000046820 /* LaunchScreen.xib in Resources */ = {isa = PBXBuildFile; fileRef = EFEF6A431A4D123000046820 /* LaunchScreen.xib */; };
		EFEF6A511A4D123000046820 /* CIDETests.m in Sources */ = {isa = PBXBuildFile; fileRef = EFEF6A501A4D123000046820 /* CIDETests.m */; };
		EFEF6A5C1A4D19A200046820 /* TestimonialsTableViewController.m in Sources */ = {isa = PBXBuildFile; fileRef = EFEF6A5B1A4D19A200046820 /* TestimonialsTableViewController.m */; };
		EFEF6E1A1A4F7BF100046820 /* Twitter.framework in Frameworks */ = {isa = PBXBuildFile; fileRef = EFEF6E191A4F7BF100046820 /* Twitter.framework */; };
		EFEF6E1F1A4F80C800046820 /* Parse.framework in Frameworks */ = {isa = PBXBuildFile; fileRef = EFEF6E1E1A4F80C800046820 /* Parse.framework */; };
		EFEF6E211A4F80F000046820 /* AudioToolbox.framework in Frameworks */ = {isa = PBXBuildFile; fileRef = EFEF6E201A4F80F000046820 /* AudioToolbox.framework */; };
		EFEF6E231A4F80F700046820 /* CFNetwork.framework in Frameworks */ = {isa = PBXBuildFile; fileRef = EFEF6E221A4F80F700046820 /* CFNetwork.framework */; };
		EFEF6E251A4F810000046820 /* CoreGraphics.framework in Frameworks */ = {isa = PBXBuildFile; fileRef = EFEF6E241A4F810000046820 /* CoreGraphics.framework */; };
		EFEF6E271A4F810600046820 /* CoreLocation.framework in Frameworks */ = {isa = PBXBuildFile; fileRef = EFEF6E261A4F810600046820 /* CoreLocation.framework */; };
		EFEF6E291A4F810E00046820 /* MobileCoreServices.framework in Frameworks */ = {isa = PBXBuildFile; fileRef = EFEF6E281A4F810E00046820 /* MobileCoreServices.framework */; };
		EFEF6E2B1A4F811800046820 /* QuartzCore.framework in Frameworks */ = {isa = PBXBuildFile; fileRef = EFEF6E2A1A4F811800046820 /* QuartzCore.framework */; };
		EFEF6E2D1A4F812100046820 /* Security.framework in Frameworks */ = {isa = PBXBuildFile; fileRef = EFEF6E2C1A4F812100046820 /* Security.framework */; };
		EFEF6E2F1A4F812900046820 /* StoreKit.framework in Frameworks */ = {isa = PBXBuildFile; fileRef = EFEF6E2E1A4F812900046820 /* StoreKit.framework */; };
		EFEF6E311A4F813300046820 /* SystemConfiguration.framework in Frameworks */ = {isa = PBXBuildFile; fileRef = EFEF6E301A4F813300046820 /* SystemConfiguration.framework */; };
		EFEF6E331A4F814000046820 /* libz.dylib in Frameworks */ = {isa = PBXBuildFile; fileRef = EFEF6E321A4F814000046820 /* libz.dylib */; };
		EFEF6E351A4F815800046820 /* libsqlite3.dylib in Frameworks */ = {isa = PBXBuildFile; fileRef = EFEF6E341A4F815800046820 /* libsqlite3.dylib */; };
		F33D8BEA1A64B8D000E5C250 /* back2.png in Resources */ = {isa = PBXBuildFile; fileRef = F33D8BE91A64B8D000E5C250 /* back2.png */; };
		F3C35D081A65DA3E00071C41 /* close.png in Resources */ = {isa = PBXBuildFile; fileRef = F3C35D071A65DA3E00071C41 /* close.png */; };
		F3C35D0A1A6605B000071C41 /* engrane.png in Resources */ = {isa = PBXBuildFile; fileRef = F3C35D091A6605B000071C41 /* engrane.png */; };
		F3C35D4C1A66566200071C41 /* iconos_categorias-02.png in Resources */ = {isa = PBXBuildFile; fileRef = F3C35D4B1A66566200071C41 /* iconos_categorias-02.png */; };
		F3C35D4E1A66568500071C41 /* iconos_categorias-04.png in Resources */ = {isa = PBXBuildFile; fileRef = F3C35D4D1A66568500071C41 /* iconos_categorias-04.png */; };
		F3C35D501A66569F00071C41 /* iconos_categorias-06.png in Resources */ = {isa = PBXBuildFile; fileRef = F3C35D4F1A66569F00071C41 /* iconos_categorias-06.png */; };
		F3C35D521A6656B500071C41 /* iconos_categorias-03.png in Resources */ = {isa = PBXBuildFile; fileRef = F3C35D511A6656B500071C41 /* iconos_categorias-03.png */; };
		F3C35D541A6656CE00071C41 /* iconos_categorias-05.png in Resources */ = {isa = PBXBuildFile; fileRef = F3C35D531A6656CE00071C41 /* iconos_categorias-05.png */; };
		F3C35D561A6656DC00071C41 /* iconos_categorias-07.png in Resources */ = {isa = PBXBuildFile; fileRef = F3C35D551A6656DC00071C41 /* iconos_categorias-07.png */; };
		F3C35D581A665E6100071C41 /* botones_navegacion_settins.png in Resources */ = {isa = PBXBuildFile; fileRef = F3C35D571A665E6100071C41 /* botones_navegacion_settins.png */; };
		F3C35D5A1A6660D500071C41 /* jd.png in Resources */ = {isa = PBXBuildFile; fileRef = F3C35D591A6660D500071C41 /* jd.png */; };
		F3CCBE391A67580400843854 /* back.png in Resources */ = {isa = PBXBuildFile; fileRef = F3CCBE381A67580400843854 /* back.png */; };
		F3CCBE3D1A69E5E500843854 /* info4.png in Resources */ = {isa = PBXBuildFile; fileRef = F3CCBE3A1A69E5E500843854 /* info4.png */; };
		F3CCBE3E1A69E5E500843854 /* info3.png in Resources */ = {isa = PBXBuildFile; fileRef = F3CCBE3B1A69E5E500843854 /* info3.png */; };
		F3CCBE3F1A69E5E500843854 /* info1.png in Resources */ = {isa = PBXBuildFile; fileRef = F3CCBE3C1A69E5E500843854 /* info1.png */; };
		F3CCBE421A69E5EB00843854 /* info2.png in Resources */ = {isa = PBXBuildFile; fileRef = F3CCBE401A69E5EB00843854 /* info2.png */; };
		F3CCBE431A69E5EB00843854 /* info5.png in Resources */ = {isa = PBXBuildFile; fileRef = F3CCBE411A69E5EB00843854 /* info5.png */; };
/* End PBXBuildFile section */

/* Begin PBXContainerItemProxy section */
		EFEF6A4B1A4D123000046820 /* PBXContainerItemProxy */ = {
			isa = PBXContainerItemProxy;
			containerPortal = EFEF6A291A4D123000046820 /* Project object */;
			proxyType = 1;
			remoteGlobalIDString = EFEF6A301A4D123000046820;
			remoteInfo = CIDE;
		};
/* End PBXContainerItemProxy section */

/* Begin PBXFileReference section */
		0F773C2C6F2CD1C903C2F623 /* Pods-CIDE.release.xcconfig */ = {isa = PBXFileReference; includeInIndex = 1; lastKnownFileType = text.xcconfig; name = "Pods-CIDE.release.xcconfig"; path = "Pods/Target Support Files/Pods-CIDE/Pods-CIDE.release.xcconfig"; sourceTree = "<group>"; };
		A47A3EEBC32C99FE6AE14ECA /* libPods-CIDE.a */ = {isa = PBXFileReference; explicitFileType = archive.ar; includeInIndex = 0; path = "libPods-CIDE.a"; sourceTree = BUILT_PRODUCTS_DIR; };
		EF20E9061A5CD8FE00542567 /* femenino.png */ = {isa = PBXFileReference; lastKnownFileType = image.png; path = femenino.png; sourceTree = "<group>"; };
		EF20E9071A5CD8FE00542567 /* masculino.png */ = {isa = PBXFileReference; lastKnownFileType = image.png; path = masculino.png; sourceTree = "<group>"; };
		EF20E90A1A5CDDEF00542567 /* SettingsViewController.h */ = {isa = PBXFileReference; fileEncoding = 4; lastKnownFileType = sourcecode.c.h; path = SettingsViewController.h; sourceTree = "<group>"; };
		EF20E90B1A5CDDEF00542567 /* SettingsViewController.m */ = {isa = PBXFileReference; fileEncoding = 4; lastKnownFileType = sourcecode.c.objc; path = SettingsViewController.m; sourceTree = "<group>"; };
		EF20E90D1A5D4CFF00542567 /* MapViewController.h */ = {isa = PBXFileReference; fileEncoding = 4; lastKnownFileType = sourcecode.c.h; path = MapViewController.h; sourceTree = "<group>"; };
		EF20E90E1A5D4CFF00542567 /* MapViewController.m */ = {isa = PBXFileReference; fileEncoding = 4; lastKnownFileType = sourcecode.c.objc; path = MapViewController.m; sourceTree = "<group>"; };
		EF20E9101A5D4DE200542567 /* TestimonialFormViewController.h */ = {isa = PBXFileReference; fileEncoding = 4; lastKnownFileType = sourcecode.c.h; path = TestimonialFormViewController.h; sourceTree = "<group>"; };
		EF20E9111A5D4DE200542567 /* TestimonialFormViewController.m */ = {isa = PBXFileReference; fileEncoding = 4; lastKnownFileType = sourcecode.c.objc; path = TestimonialFormViewController.m; sourceTree = "<group>"; };
		EF20E9161A5D4E6200542567 /* TestimonialsListViewController.h */ = {isa = PBXFileReference; fileEncoding = 4; lastKnownFileType = sourcecode.c.h; path = TestimonialsListViewController.h; sourceTree = "<group>"; };
		EF20E9171A5D4E6200542567 /* TestimonialsListViewController.m */ = {isa = PBXFileReference; fileEncoding = 4; lastKnownFileType = sourcecode.c.objc; path = TestimonialsListViewController.m; sourceTree = "<group>"; };
		EF20E91F1A5D5FB200542567 /* fondo1.png */ = {isa = PBXFileReference; lastKnownFileType = image.png; path = fondo1.png; sourceTree = "<group>"; };
		EF20E9211A61FCB400542567 /* LoginFBViewController.h */ = {isa = PBXFileReference; fileEncoding = 4; lastKnownFileType = sourcecode.c.h; path = LoginFBViewController.h; sourceTree = "<group>"; };
		EF20E9221A61FCB400542567 /* LoginFBViewController.m */ = {isa = PBXFileReference; fileEncoding = 4; lastKnownFileType = sourcecode.c.objc; path = LoginFBViewController.m; sourceTree = "<group>"; };
		EF20E9621A62144800542567 /* PropuestasViewController.h */ = {isa = PBXFileReference; fileEncoding = 4; lastKnownFileType = sourcecode.c.h; path = PropuestasViewController.h; sourceTree = "<group>"; };
		EF20E9631A62144800542567 /* PropuestasViewController.m */ = {isa = PBXFileReference; fileEncoding = 4; lastKnownFileType = sourcecode.c.objc; path = PropuestasViewController.m; sourceTree = "<group>"; };
		EF20E9651A62161100542567 /* PropuestasCategoryViewController.h */ = {isa = PBXFileReference; fileEncoding = 4; lastKnownFileType = sourcecode.c.h; path = PropuestasCategoryViewController.h; sourceTree = "<group>"; };
		EF20E9661A62161100542567 /* PropuestasCategoryViewController.m */ = {isa = PBXFileReference; fileEncoding = 4; lastKnownFileType = sourcecode.c.objc; path = PropuestasCategoryViewController.m; sourceTree = "<group>"; };
		EFA4655A1A62FAA800BE92D8 /* PropuestaDetailViewController.h */ = {isa = PBXFileReference; fileEncoding = 4; lastKnownFileType = sourcecode.c.h; path = PropuestaDetailViewController.h; sourceTree = "<group>"; };
		EFA4655B1A62FAA800BE92D8 /* PropuestaDetailViewController.m */ = {isa = PBXFileReference; fileEncoding = 4; lastKnownFileType = sourcecode.c.objc; path = PropuestaDetailViewController.m; sourceTree = "<group>"; };
		EFA4655D1A631F3100BE92D8 /* ArgumentosViewController.h */ = {isa = PBXFileReference; fileEncoding = 4; lastKnownFileType = sourcecode.c.h; path = ArgumentosViewController.h; sourceTree = "<group>"; };
		EFA4655E1A631F3100BE92D8 /* ArgumentosViewController.m */ = {isa = PBXFileReference; fileEncoding = 4; lastKnownFileType = sourcecode.c.objc; path = ArgumentosViewController.m; sourceTree = "<group>"; };
		EFA465601A64DE5A00BE92D8 /* botones_navegacion_cerrar.png */ = {isa = PBXFileReference; lastKnownFileType = image.png; path = botones_navegacion_cerrar.png; sourceTree = "<group>"; };
		EFA465621A64DE7700BE92D8 /* SourceSansPro-Bold.ttf */ = {isa = PBXFileReference; lastKnownFileType = file; path = "SourceSansPro-Bold.ttf"; sourceTree = "<group>"; };
		EFA465631A64DE7700BE92D8 /* SourceSansPro-Light.ttf */ = {isa = PBXFileReference; lastKnownFileType = file; path = "SourceSansPro-Light.ttf"; sourceTree = "<group>"; };
		EFA465641A64DE7700BE92D8 /* SourceSansPro-Regular.ttf */ = {isa = PBXFileReference; lastKnownFileType = file; path = "SourceSansPro-Regular.ttf"; sourceTree = "<group>"; };
		EFA465651A64DE7700BE92D8 /* RobotoSlab-Regular.ttf */ = {isa = PBXFileReference; lastKnownFileType = file; path = "RobotoSlab-Regular.ttf"; sourceTree = "<group>"; };
		EFA4656C1A6548D100BE92D8 /* next.png */ = {isa = PBXFileReference; lastKnownFileType = image.png; path = next.png; sourceTree = "<group>"; };
		EFA465701A67927600BE92D8 /* TermsViewController.h */ = {isa = PBXFileReference; fileEncoding = 4; lastKnownFileType = sourcecode.c.h; path = TermsViewController.h; sourceTree = "<group>"; };
		EFA465711A67927600BE92D8 /* TermsViewController.m */ = {isa = PBXFileReference; fileEncoding = 4; lastKnownFileType = sourcecode.c.objc; path = TermsViewController.m; sourceTree = "<group>"; };
		EFA465731A6795B700BE92D8 /* PropuestasMsgViewController.h */ = {isa = PBXFileReference; fileEncoding = 4; lastKnownFileType = sourcecode.c.h; path = PropuestasMsgViewController.h; sourceTree = "<group>"; };
		EFA465741A6795B700BE92D8 /* PropuestasMsgViewController.m */ = {isa = PBXFileReference; fileEncoding = 4; lastKnownFileType = sourcecode.c.objc; path = PropuestasMsgViewController.m; sourceTree = "<group>"; };
		EFA465761A68E21400BE92D8 /* InfoViewController.h */ = {isa = PBXFileReference; fileEncoding = 4; lastKnownFileType = sourcecode.c.h; path = InfoViewController.h; sourceTree = "<group>"; };
		EFA465771A68E21400BE92D8 /* InfoViewController.m */ = {isa = PBXFileReference; fileEncoding = 4; lastKnownFileType = sourcecode.c.objc; path = InfoViewController.m; sourceTree = "<group>"; };
		EFA465791A6AFA4500BE92D8 /* PropTableViewCell.h */ = {isa = PBXFileReference; fileEncoding = 4; lastKnownFileType = sourcecode.c.h; path = PropTableViewCell.h; sourceTree = "<group>"; };
		EFA4657A1A6AFA4500BE92D8 /* PropTableViewCell.m */ = {isa = PBXFileReference; fileEncoding = 4; lastKnownFileType = sourcecode.c.objc; path = PropTableViewCell.m; sourceTree = "<group>"; };
		EFA4657C1A6E096500BE92D8 /* botones_votacion-01.png */ = {isa = PBXFileReference; lastKnownFileType = image.png; path = "botones_votacion-01.png"; sourceTree = "<group>"; };
		EFA4657D1A6E096500BE92D8 /* botones_votacion-02.png */ = {isa = PBXFileReference; lastKnownFileType = image.png; path = "botones_votacion-02.png"; sourceTree = "<group>"; };
		EFA4657E1A6E096500BE92D8 /* botones_votacion-03.png */ = {isa = PBXFileReference; lastKnownFileType = image.png; path = "botones_votacion-03.png"; sourceTree = "<group>"; };
		EFA4657F1A6E096500BE92D8 /* botones_votacion-04.png */ = {isa = PBXFileReference; lastKnownFileType = image.png; path = "botones_votacion-04.png"; sourceTree = "<group>"; };
		EFA465801A6E096500BE92D8 /* botones_votacion-05.png */ = {isa = PBXFileReference; lastKnownFileType = image.png; path = "botones_votacion-05.png"; sourceTree = "<group>"; };
		EFA465811A6E096500BE92D8 /* botones_votacion-06.png */ = {isa = PBXFileReference; lastKnownFileType = image.png; path = "botones_votacion-06.png"; sourceTree = "<group>"; };
		EFA465821A6E096500BE92D8 /* tabs_propuestas_apagados_64px-11-13.png */ = {isa = PBXFileReference; lastKnownFileType = image.png; path = "tabs_propuestas_apagados_64px-11-13.png"; sourceTree = "<group>"; };
		EFA465831A6E096500BE92D8 /* tabs_propuestas_apagados_64px-11-14.png */ = {isa = PBXFileReference; lastKnownFileType = image.png; path = "tabs_propuestas_apagados_64px-11-14.png"; sourceTree = "<group>"; };
		EFA465841A6E096500BE92D8 /* tabs_propuestas_apagados-09.png */ = {isa = PBXFileReference; lastKnownFileType = image.png; path = "tabs_propuestas_apagados-09.png"; sourceTree = "<group>"; };
		EFA465851A6E096500BE92D8 /* tabs_propuestas_apagados-10.png */ = {isa = PBXFileReference; lastKnownFileType = image.png; path = "tabs_propuestas_apagados-10.png"; sourceTree = "<group>"; };
		EFA465861A6E096500BE92D8 /* tabs_propuestas_encendidos_64px-11.png */ = {isa = PBXFileReference; lastKnownFileType = image.png; path = "tabs_propuestas_encendidos_64px-11.png"; sourceTree = "<group>"; };
		EFA465871A6E096500BE92D8 /* tabs_propuestas_encendidos_64px-12.png */ = {isa = PBXFileReference; lastKnownFileType = image.png; path = "tabs_propuestas_encendidos_64px-12.png"; sourceTree = "<group>"; };
		EFA465881A6E096500BE92D8 /* tabs_propuestas_encendidos-07.png */ = {isa = PBXFileReference; lastKnownFileType = image.png; path = "tabs_propuestas_encendidos-07.png"; sourceTree = "<group>"; };
		EFA465891A6E096500BE92D8 /* tabs_propuestas_encendidos-08.png */ = {isa = PBXFileReference; lastKnownFileType = image.png; path = "tabs_propuestas_encendidos-08.png"; sourceTree = "<group>"; };
		EFA4659A1A6F3D5C00BE92D8 /* CorePlot-CocoaTouch.h */ = {isa = PBXFileReference; fileEncoding = 4; lastKnownFileType = sourcecode.c.h; path = "CorePlot-CocoaTouch.h"; sourceTree = "<group>"; };
		EFA4659B1A6F3D5C00BE92D8 /* CPTAnimation.h */ = {isa = PBXFileReference; fileEncoding = 4; lastKnownFileType = sourcecode.c.h; path = CPTAnimation.h; sourceTree = "<group>"; };
		EFA4659C1A6F3D5C00BE92D8 /* CPTAnimationOperation.h */ = {isa = PBXFileReference; fileEncoding = 4; lastKnownFileType = sourcecode.c.h; path = CPTAnimationOperation.h; sourceTree = "<group>"; };
		EFA4659D1A6F3D5C00BE92D8 /* CPTAnimationPeriod.h */ = {isa = PBXFileReference; fileEncoding = 4; lastKnownFileType = sourcecode.c.h; path = CPTAnimationPeriod.h; sourceTree = "<group>"; };
		EFA4659E1A6F3D5C00BE92D8 /* CPTAnnotation.h */ = {isa = PBXFileReference; fileEncoding = 4; lastKnownFileType = sourcecode.c.h; path = CPTAnnotation.h; sourceTree = "<group>"; };
		EFA4659F1A6F3D5C00BE92D8 /* CPTAnnotationHostLayer.h */ = {isa = PBXFileReference; fileEncoding = 4; lastKnownFileType = sourcecode.c.h; path = CPTAnnotationHostLayer.h; sourceTree = "<group>"; };
		EFA465A01A6F3D5C00BE92D8 /* CPTAxis.h */ = {isa = PBXFileReference; fileEncoding = 4; lastKnownFileType = sourcecode.c.h; path = CPTAxis.h; sourceTree = "<group>"; };
		EFA465A11A6F3D5C00BE92D8 /* CPTAxisLabel.h */ = {isa = PBXFileReference; fileEncoding = 4; lastKnownFileType = sourcecode.c.h; path = CPTAxisLabel.h; sourceTree = "<group>"; };
		EFA465A21A6F3D5C00BE92D8 /* CPTAxisLabelGroup.h */ = {isa = PBXFileReference; fileEncoding = 4; lastKnownFileType = sourcecode.c.h; path = CPTAxisLabelGroup.h; sourceTree = "<group>"; };
		EFA465A31A6F3D5C00BE92D8 /* CPTAxisSet.h */ = {isa = PBXFileReference; fileEncoding = 4; lastKnownFileType = sourcecode.c.h; path = CPTAxisSet.h; sourceTree = "<group>"; };
		EFA465A41A6F3D5C00BE92D8 /* CPTAxisTitle.h */ = {isa = PBXFileReference; fileEncoding = 4; lastKnownFileType = sourcecode.c.h; path = CPTAxisTitle.h; sourceTree = "<group>"; };
		EFA465A51A6F3D5C00BE92D8 /* CPTBarPlot.h */ = {isa = PBXFileReference; fileEncoding = 4; lastKnownFileType = sourcecode.c.h; path = CPTBarPlot.h; sourceTree = "<group>"; };
		EFA465A61A6F3D5C00BE92D8 /* CPTBorderedLayer.h */ = {isa = PBXFileReference; fileEncoding = 4; lastKnownFileType = sourcecode.c.h; path = CPTBorderedLayer.h; sourceTree = "<group>"; };
		EFA465A71A6F3D5C00BE92D8 /* CPTCalendarFormatter.h */ = {isa = PBXFileReference; fileEncoding = 4; lastKnownFileType = sourcecode.c.h; path = CPTCalendarFormatter.h; sourceTree = "<group>"; };
		EFA465A81A6F3D5C00BE92D8 /* CPTColor.h */ = {isa = PBXFileReference; fileEncoding = 4; lastKnownFileType = sourcecode.c.h; path = CPTColor.h; sourceTree = "<group>"; };
		EFA465A91A6F3D5C00BE92D8 /* CPTColorSpace.h */ = {isa = PBXFileReference; fileEncoding = 4; lastKnownFileType = sourcecode.c.h; path = CPTColorSpace.h; sourceTree = "<group>"; };
		EFA465AA1A6F3D5C00BE92D8 /* CPTConstraints.h */ = {isa = PBXFileReference; fileEncoding = 4; lastKnownFileType = sourcecode.c.h; path = CPTConstraints.h; sourceTree = "<group>"; };
		EFA465AB1A6F3D5C00BE92D8 /* CPTDataSourceTestCase.h */ = {isa = PBXFileReference; fileEncoding = 4; lastKnownFileType = sourcecode.c.h; path = CPTDataSourceTestCase.h; sourceTree = "<group>"; };
		EFA465AC1A6F3D5C00BE92D8 /* CPTDefinitions.h */ = {isa = PBXFileReference; fileEncoding = 4; lastKnownFileType = sourcecode.c.h; path = CPTDefinitions.h; sourceTree = "<group>"; };
		EFA465AD1A6F3D5C00BE92D8 /* CPTDerivedXYGraph.h */ = {isa = PBXFileReference; fileEncoding = 4; lastKnownFileType = sourcecode.c.h; path = CPTDerivedXYGraph.h; sourceTree = "<group>"; };
		EFA465AE1A6F3D5C00BE92D8 /* CPTExceptions.h */ = {isa = PBXFileReference; fileEncoding = 4; lastKnownFileType = sourcecode.c.h; path = CPTExceptions.h; sourceTree = "<group>"; };
		EFA465AF1A6F3D5C00BE92D8 /* CPTFill.h */ = {isa = PBXFileReference; fileEncoding = 4; lastKnownFileType = sourcecode.c.h; path = CPTFill.h; sourceTree = "<group>"; };
		EFA465B01A6F3D5C00BE92D8 /* CPTFunctionDataSource.h */ = {isa = PBXFileReference; fileEncoding = 4; lastKnownFileType = sourcecode.c.h; path = CPTFunctionDataSource.h; sourceTree = "<group>"; };
		EFA465B11A6F3D5C00BE92D8 /* CPTGradient.h */ = {isa = PBXFileReference; fileEncoding = 4; lastKnownFileType = sourcecode.c.h; path = CPTGradient.h; sourceTree = "<group>"; };
		EFA465B21A6F3D5C00BE92D8 /* CPTGraph.h */ = {isa = PBXFileReference; fileEncoding = 4; lastKnownFileType = sourcecode.c.h; path = CPTGraph.h; sourceTree = "<group>"; };
		EFA465B31A6F3D5C00BE92D8 /* CPTGraphHostingView.h */ = {isa = PBXFileReference; fileEncoding = 4; lastKnownFileType = sourcecode.c.h; path = CPTGraphHostingView.h; sourceTree = "<group>"; };
		EFA465B41A6F3D5C00BE92D8 /* CPTGridLineGroup.h */ = {isa = PBXFileReference; fileEncoding = 4; lastKnownFileType = sourcecode.c.h; path = CPTGridLineGroup.h; sourceTree = "<group>"; };
		EFA465B51A6F3D5C00BE92D8 /* CPTGridLines.h */ = {isa = PBXFileReference; fileEncoding = 4; lastKnownFileType = sourcecode.c.h; path = CPTGridLines.h; sourceTree = "<group>"; };
		EFA465B61A6F3D5C00BE92D8 /* CPTImage.h */ = {isa = PBXFileReference; fileEncoding = 4; lastKnownFileType = sourcecode.c.h; path = CPTImage.h; sourceTree = "<group>"; };
		EFA465B71A6F3D5C00BE92D8 /* CPTLayer.h */ = {isa = PBXFileReference; fileEncoding = 4; lastKnownFileType = sourcecode.c.h; path = CPTLayer.h; sourceTree = "<group>"; };
		EFA465B81A6F3D5C00BE92D8 /* CPTLayerAnnotation.h */ = {isa = PBXFileReference; fileEncoding = 4; lastKnownFileType = sourcecode.c.h; path = CPTLayerAnnotation.h; sourceTree = "<group>"; };
		EFA465B91A6F3D5C00BE92D8 /* CPTLegend.h */ = {isa = PBXFileReference; fileEncoding = 4; lastKnownFileType = sourcecode.c.h; path = CPTLegend.h; sourceTree = "<group>"; };
		EFA465BA1A6F3D5C00BE92D8 /* CPTLegendEntry.h */ = {isa = PBXFileReference; fileEncoding = 4; lastKnownFileType = sourcecode.c.h; path = CPTLegendEntry.h; sourceTree = "<group>"; };
		EFA465BB1A6F3D5C00BE92D8 /* CPTLimitBand.h */ = {isa = PBXFileReference; fileEncoding = 4; lastKnownFileType = sourcecode.c.h; path = CPTLimitBand.h; sourceTree = "<group>"; };
		EFA465BC1A6F3D5C00BE92D8 /* CPTLineCap.h */ = {isa = PBXFileReference; fileEncoding = 4; lastKnownFileType = sourcecode.c.h; path = CPTLineCap.h; sourceTree = "<group>"; };
		EFA465BD1A6F3D5C00BE92D8 /* CPTLineStyle.h */ = {isa = PBXFileReference; fileEncoding = 4; lastKnownFileType = sourcecode.c.h; path = CPTLineStyle.h; sourceTree = "<group>"; };
		EFA465BE1A6F3D5C00BE92D8 /* CPTMutableLineStyle.h */ = {isa = PBXFileReference; fileEncoding = 4; lastKnownFileType = sourcecode.c.h; path = CPTMutableLineStyle.h; sourceTree = "<group>"; };
		EFA465BF1A6F3D5C00BE92D8 /* CPTMutableNumericData+TypeConversion.h */ = {isa = PBXFileReference; fileEncoding = 4; lastKnownFileType = sourcecode.c.h; path = "CPTMutableNumericData+TypeConversion.h"; sourceTree = "<group>"; };
		EFA465C01A6F3D5C00BE92D8 /* CPTMutableNumericData.h */ = {isa = PBXFileReference; fileEncoding = 4; lastKnownFileType = sourcecode.c.h; path = CPTMutableNumericData.h; sourceTree = "<group>"; };
		EFA465C11A6F3D5C00BE92D8 /* CPTMutablePlotRange.h */ = {isa = PBXFileReference; fileEncoding = 4; lastKnownFileType = sourcecode.c.h; path = CPTMutablePlotRange.h; sourceTree = "<group>"; };
		EFA465C21A6F3D5C00BE92D8 /* CPTMutableShadow.h */ = {isa = PBXFileReference; fileEncoding = 4; lastKnownFileType = sourcecode.c.h; path = CPTMutableShadow.h; sourceTree = "<group>"; };
		EFA465C31A6F3D5C00BE92D8 /* CPTMutableTextStyle.h */ = {isa = PBXFileReference; fileEncoding = 4; lastKnownFileType = sourcecode.c.h; path = CPTMutableTextStyle.h; sourceTree = "<group>"; };
		EFA465C41A6F3D5C00BE92D8 /* CPTNumericData+TypeConversion.h */ = {isa = PBXFileReference; fileEncoding = 4; lastKnownFileType = sourcecode.c.h; path = "CPTNumericData+TypeConversion.h"; sourceTree = "<group>"; };
		EFA465C51A6F3D5C00BE92D8 /* CPTNumericData.h */ = {isa = PBXFileReference; fileEncoding = 4; lastKnownFileType = sourcecode.c.h; path = CPTNumericData.h; sourceTree = "<group>"; };
		EFA465C61A6F3D5C00BE92D8 /* CPTNumericDataType.h */ = {isa = PBXFileReference; fileEncoding = 4; lastKnownFileType = sourcecode.c.h; path = CPTNumericDataType.h; sourceTree = "<group>"; };
		EFA465C71A6F3D5C00BE92D8 /* CPTPathExtensions.h */ = {isa = PBXFileReference; fileEncoding = 4; lastKnownFileType = sourcecode.c.h; path = CPTPathExtensions.h; sourceTree = "<group>"; };
		EFA465C81A6F3D5C00BE92D8 /* CPTPieChart.h */ = {isa = PBXFileReference; fileEncoding = 4; lastKnownFileType = sourcecode.c.h; path = CPTPieChart.h; sourceTree = "<group>"; };
		EFA465C91A6F3D5C00BE92D8 /* CPTPlatformSpecificCategories.h */ = {isa = PBXFileReference; fileEncoding = 4; lastKnownFileType = sourcecode.c.h; path = CPTPlatformSpecificCategories.h; sourceTree = "<group>"; };
		EFA465CA1A6F3D5C00BE92D8 /* CPTPlatformSpecificDefines.h */ = {isa = PBXFileReference; fileEncoding = 4; lastKnownFileType = sourcecode.c.h; path = CPTPlatformSpecificDefines.h; sourceTree = "<group>"; };
		EFA465CB1A6F3D5C00BE92D8 /* CPTPlatformSpecificFunctions.h */ = {isa = PBXFileReference; fileEncoding = 4; lastKnownFileType = sourcecode.c.h; path = CPTPlatformSpecificFunctions.h; sourceTree = "<group>"; };
		EFA465CC1A6F3D5C00BE92D8 /* CPTPlot.h */ = {isa = PBXFileReference; fileEncoding = 4; lastKnownFileType = sourcecode.c.h; path = CPTPlot.h; sourceTree = "<group>"; };
		EFA465CD1A6F3D5C00BE92D8 /* CPTPlotArea.h */ = {isa = PBXFileReference; fileEncoding = 4; lastKnownFileType = sourcecode.c.h; path = CPTPlotArea.h; sourceTree = "<group>"; };
		EFA465CE1A6F3D5C00BE92D8 /* CPTPlotAreaFrame.h */ = {isa = PBXFileReference; fileEncoding = 4; lastKnownFileType = sourcecode.c.h; path = CPTPlotAreaFrame.h; sourceTree = "<group>"; };
		EFA465CF1A6F3D5C00BE92D8 /* CPTPlotGroup.h */ = {isa = PBXFileReference; fileEncoding = 4; lastKnownFileType = sourcecode.c.h; path = CPTPlotGroup.h; sourceTree = "<group>"; };
		EFA465D01A6F3D5C00BE92D8 /* CPTPlotRange.h */ = {isa = PBXFileReference; fileEncoding = 4; lastKnownFileType = sourcecode.c.h; path = CPTPlotRange.h; sourceTree = "<group>"; };
		EFA465D11A6F3D5C00BE92D8 /* CPTPlotSpace.h */ = {isa = PBXFileReference; fileEncoding = 4; lastKnownFileType = sourcecode.c.h; path = CPTPlotSpace.h; sourceTree = "<group>"; };
		EFA465D21A6F3D5C00BE92D8 /* CPTPlotSpaceAnnotation.h */ = {isa = PBXFileReference; fileEncoding = 4; lastKnownFileType = sourcecode.c.h; path = CPTPlotSpaceAnnotation.h; sourceTree = "<group>"; };
		EFA465D31A6F3D5C00BE92D8 /* CPTPlotSymbol.h */ = {isa = PBXFileReference; fileEncoding = 4; lastKnownFileType = sourcecode.c.h; path = CPTPlotSymbol.h; sourceTree = "<group>"; };
		EFA465D41A6F3D5C00BE92D8 /* CPTRangePlot.h */ = {isa = PBXFileReference; fileEncoding = 4; lastKnownFileType = sourcecode.c.h; path = CPTRangePlot.h; sourceTree = "<group>"; };
		EFA465D51A6F3D5C00BE92D8 /* CPTResponder.h */ = {isa = PBXFileReference; fileEncoding = 4; lastKnownFileType = sourcecode.c.h; path = CPTResponder.h; sourceTree = "<group>"; };
		EFA465D61A6F3D5C00BE92D8 /* CPTScatterPlot.h */ = {isa = PBXFileReference; fileEncoding = 4; lastKnownFileType = sourcecode.c.h; path = CPTScatterPlot.h; sourceTree = "<group>"; };
		EFA465D71A6F3D5C00BE92D8 /* CPTShadow.h */ = {isa = PBXFileReference; fileEncoding = 4; lastKnownFileType = sourcecode.c.h; path = CPTShadow.h; sourceTree = "<group>"; };
		EFA465D81A6F3D5C00BE92D8 /* CPTTestCase.h */ = {isa = PBXFileReference; fileEncoding = 4; lastKnownFileType = sourcecode.c.h; path = CPTTestCase.h; sourceTree = "<group>"; };
		EFA465D91A6F3D5C00BE92D8 /* CPTTextLayer.h */ = {isa = PBXFileReference; fileEncoding = 4; lastKnownFileType = sourcecode.c.h; path = CPTTextLayer.h; sourceTree = "<group>"; };
		EFA465DA1A6F3D5C00BE92D8 /* CPTTextStyle.h */ = {isa = PBXFileReference; fileEncoding = 4; lastKnownFileType = sourcecode.c.h; path = CPTTextStyle.h; sourceTree = "<group>"; };
		EFA465DB1A6F3D5C00BE92D8 /* CPTTextStylePlatformSpecific.h */ = {isa = PBXFileReference; fileEncoding = 4; lastKnownFileType = sourcecode.c.h; path = CPTTextStylePlatformSpecific.h; sourceTree = "<group>"; };
		EFA465DC1A6F3D5C00BE92D8 /* CPTTheme.h */ = {isa = PBXFileReference; fileEncoding = 4; lastKnownFileType = sourcecode.c.h; path = CPTTheme.h; sourceTree = "<group>"; };
		EFA465DD1A6F3D5C00BE92D8 /* CPTTimeFormatter.h */ = {isa = PBXFileReference; fileEncoding = 4; lastKnownFileType = sourcecode.c.h; path = CPTTimeFormatter.h; sourceTree = "<group>"; };
		EFA465DE1A6F3D5C00BE92D8 /* CPTTradingRangePlot.h */ = {isa = PBXFileReference; fileEncoding = 4; lastKnownFileType = sourcecode.c.h; path = CPTTradingRangePlot.h; sourceTree = "<group>"; };
		EFA465DF1A6F3D5C00BE92D8 /* CPTUtilities.h */ = {isa = PBXFileReference; fileEncoding = 4; lastKnownFileType = sourcecode.c.h; path = CPTUtilities.h; sourceTree = "<group>"; };
		EFA465E01A6F3D5C00BE92D8 /* CPTXYAxis.h */ = {isa = PBXFileReference; fileEncoding = 4; lastKnownFileType = sourcecode.c.h; path = CPTXYAxis.h; sourceTree = "<group>"; };
		EFA465E11A6F3D5C00BE92D8 /* CPTXYAxisSet.h */ = {isa = PBXFileReference; fileEncoding = 4; lastKnownFileType = sourcecode.c.h; path = CPTXYAxisSet.h; sourceTree = "<group>"; };
		EFA465E21A6F3D5C00BE92D8 /* CPTXYGraph.h */ = {isa = PBXFileReference; fileEncoding = 4; lastKnownFileType = sourcecode.c.h; path = CPTXYGraph.h; sourceTree = "<group>"; };
		EFA465E31A6F3D5C00BE92D8 /* CPTXYPlotSpace.h */ = {isa = PBXFileReference; fileEncoding = 4; lastKnownFileType = sourcecode.c.h; path = CPTXYPlotSpace.h; sourceTree = "<group>"; };
		EFA465E41A6F3D5C00BE92D8 /* mainpage.h */ = {isa = PBXFileReference; fileEncoding = 4; lastKnownFileType = sourcecode.c.h; path = mainpage.h; sourceTree = "<group>"; };
		EFA465E51A6F3D5C00BE92D8 /* NSCoderExtensions.h */ = {isa = PBXFileReference; fileEncoding = 4; lastKnownFileType = sourcecode.c.h; path = NSCoderExtensions.h; sourceTree = "<group>"; };
		EFA465E61A6F3D5C00BE92D8 /* NSDecimalNumberExtensions.h */ = {isa = PBXFileReference; fileEncoding = 4; lastKnownFileType = sourcecode.c.h; path = NSDecimalNumberExtensions.h; sourceTree = "<group>"; };
		EFA465E71A6F3D5C00BE92D8 /* NSNumberExtensions.h */ = {isa = PBXFileReference; fileEncoding = 4; lastKnownFileType = sourcecode.c.h; path = NSNumberExtensions.h; sourceTree = "<group>"; };
		EFA465E81A6F3D5D00BE92D8 /* libCorePlot-CocoaTouch.a */ = {isa = PBXFileReference; lastKnownFileType = archive.ar; path = "libCorePlot-CocoaTouch.a"; sourceTree = "<group>"; };
		EFA465EA1A7557DF00BE92D8 /* CIDEColors.h */ = {isa = PBXFileReference; fileEncoding = 4; lastKnownFileType = sourcecode.c.h; path = CIDEColors.h; sourceTree = "<group>"; };
		EFA465EB1A7557DF00BE92D8 /* CIDEColors.m */ = {isa = PBXFileReference; fileEncoding = 4; lastKnownFileType = sourcecode.c.objc; path = CIDEColors.m; sourceTree = "<group>"; };
		EFB8F5FF1A54A21E003EA845 /* TutorialViewController.h */ = {isa = PBXFileReference; fileEncoding = 4; lastKnownFileType = sourcecode.c.h; path = TutorialViewController.h; sourceTree = "<group>"; };
		EFB8F6001A54A21E003EA845 /* TutorialViewController.m */ = {isa = PBXFileReference; fileEncoding = 4; lastKnownFileType = sourcecode.c.objc; path = TutorialViewController.m; sourceTree = "<group>"; };
		EFB8F6021A54B895003EA845 /* PrincipalOptionsViewController.h */ = {isa = PBXFileReference; fileEncoding = 4; lastKnownFileType = sourcecode.c.h; path = PrincipalOptionsViewController.h; sourceTree = "<group>"; };
		EFB8F6031A54B895003EA845 /* PrincipalOptionsViewController.m */ = {isa = PBXFileReference; fileEncoding = 4; lastKnownFileType = sourcecode.c.objc; path = PrincipalOptionsViewController.m; sourceTree = "<group>"; };
		EFB8F60B1A54BFEC003EA845 /* CategoryOptionsViewController.h */ = {isa = PBXFileReference; fileEncoding = 4; lastKnownFileType = sourcecode.c.h; path = CategoryOptionsViewController.h; sourceTree = "<group>"; };
		EFB8F60C1A54BFEC003EA845 /* CategoryOptionsViewController.m */ = {isa = PBXFileReference; fileEncoding = 4; lastKnownFileType = sourcecode.c.objc; path = CategoryOptionsViewController.m; sourceTree = "<group>"; };
		EFB8F60E1A54C03B003EA845 /* CategoryDescriptionViewController.h */ = {isa = PBXFileReference; fileEncoding = 4; lastKnownFileType = sourcecode.c.h; path = CategoryDescriptionViewController.h; sourceTree = "<group>"; };
		EFB8F60F1A54C03B003EA845 /* CategoryDescriptionViewController.m */ = {isa = PBXFileReference; fileEncoding = 4; lastKnownFileType = sourcecode.c.objc; path = CategoryDescriptionViewController.m; sourceTree = "<group>"; };
		EFB8F6151A56CAEE003EA845 /* Tutorial2ViewController.h */ = {isa = PBXFileReference; fileEncoding = 4; lastKnownFileType = sourcecode.c.h; path = Tutorial2ViewController.h; sourceTree = "<group>"; };
		EFB8F6161A56CAEE003EA845 /* Tutorial2ViewController.m */ = {isa = PBXFileReference; fileEncoding = 4; lastKnownFileType = sourcecode.c.objc; path = Tutorial2ViewController.m; sourceTree = "<group>"; };
		EFB8F6181A56CC4F003EA845 /* MapKit.framework */ = {isa = PBXFileReference; lastKnownFileType = wrapper.framework; name = MapKit.framework; path = System/Library/Frameworks/MapKit.framework; sourceTree = SDKROOT; };
		EFB8F61A1A570208003EA845 /* Social.framework */ = {isa = PBXFileReference; lastKnownFileType = wrapper.framework; name = Social.framework; path = System/Library/Frameworks/Social.framework; sourceTree = SDKROOT; };
		EFB8F6201A577B12003EA845 /* Logo.png */ = {isa = PBXFileReference; lastKnownFileType = image.png; path = Logo.png; sourceTree = "<group>"; };
		EFB8F6241A577B12003EA845 /* splash.png */ = {isa = PBXFileReference; lastKnownFileType = image.png; path = splash.png; sourceTree = "<group>"; };
		EFB8F6261A577B12003EA845 /* tut1.png */ = {isa = PBXFileReference; lastKnownFileType = image.png; path = tut1.png; sourceTree = "<group>"; };
		EFB8F6271A577B12003EA845 /* tut2.png */ = {isa = PBXFileReference; lastKnownFileType = image.png; path = tut2.png; sourceTree = "<group>"; };
		EFB8F6281A577B12003EA845 /* tut3.png */ = {isa = PBXFileReference; lastKnownFileType = image.png; path = tut3.png; sourceTree = "<group>"; };
		EFB8F6291A577B12003EA845 /* tut4.png */ = {isa = PBXFileReference; lastKnownFileType = image.png; path = tut4.png; sourceTree = "<group>"; };
		EFB8F63E1A5A291C003EA845 /* SeeTestTableViewController.h */ = {isa = PBXFileReference; fileEncoding = 4; lastKnownFileType = sourcecode.c.h; path = SeeTestTableViewController.h; sourceTree = "<group>"; };
		EFB8F63F1A5A291C003EA845 /* SeeTestTableViewController.m */ = {isa = PBXFileReference; fileEncoding = 4; lastKnownFileType = sourcecode.c.objc; path = SeeTestTableViewController.m; sourceTree = "<group>"; };
		EFB8F6411A5A296C003EA845 /* TestCellTableViewCell.h */ = {isa = PBXFileReference; fileEncoding = 4; lastKnownFileType = sourcecode.c.h; path = TestCellTableViewCell.h; sourceTree = "<group>"; };
		EFB8F6421A5A296C003EA845 /* TestCellTableViewCell.m */ = {isa = PBXFileReference; fileEncoding = 4; lastKnownFileType = sourcecode.c.objc; path = TestCellTableViewCell.m; sourceTree = "<group>"; };
		EFEF6A311A4D123000046820 /* CIDE.app */ = {isa = PBXFileReference; explicitFileType = wrapper.application; includeInIndex = 0; path = CIDE.app; sourceTree = BUILT_PRODUCTS_DIR; };
		EFEF6A351A4D123000046820 /* Info.plist */ = {isa = PBXFileReference; lastKnownFileType = text.plist.xml; path = Info.plist; sourceTree = "<group>"; };
		EFEF6A361A4D123000046820 /* main.m */ = {isa = PBXFileReference; lastKnownFileType = sourcecode.c.objc; path = main.m; sourceTree = "<group>"; };
		EFEF6A381A4D123000046820 /* AppDelegate.h */ = {isa = PBXFileReference; lastKnownFileType = sourcecode.c.h; path = AppDelegate.h; sourceTree = "<group>"; };
		EFEF6A391A4D123000046820 /* AppDelegate.m */ = {isa = PBXFileReference; lastKnownFileType = sourcecode.c.objc; path = AppDelegate.m; sourceTree = "<group>"; };
		EFEF6A3F1A4D123000046820 /* Base */ = {isa = PBXFileReference; lastKnownFileType = file.storyboard; name = Base; path = Base.lproj/Testimonials.storyboard; sourceTree = "<group>"; };
		EFEF6A411A4D123000046820 /* Images.xcassets */ = {isa = PBXFileReference; lastKnownFileType = folder.assetcatalog; path = Images.xcassets; sourceTree = "<group>"; };
		EFEF6A441A4D123000046820 /* Base */ = {isa = PBXFileReference; lastKnownFileType = file.xib; name = Base; path = Base.lproj/LaunchScreen.xib; sourceTree = "<group>"; };
		EFEF6A4A1A4D123000046820 /* CIDETests.xctest */ = {isa = PBXFileReference; explicitFileType = wrapper.cfbundle; includeInIndex = 0; path = CIDETests.xctest; sourceTree = BUILT_PRODUCTS_DIR; };
		EFEF6A4F1A4D123000046820 /* Info.plist */ = {isa = PBXFileReference; lastKnownFileType = text.plist.xml; path = Info.plist; sourceTree = "<group>"; };
		EFEF6A501A4D123000046820 /* CIDETests.m */ = {isa = PBXFileReference; lastKnownFileType = sourcecode.c.objc; path = CIDETests.m; sourceTree = "<group>"; };
		EFEF6A5A1A4D19A200046820 /* TestimonialsTableViewController.h */ = {isa = PBXFileReference; fileEncoding = 4; lastKnownFileType = sourcecode.c.h; path = TestimonialsTableViewController.h; sourceTree = "<group>"; };
		EFEF6A5B1A4D19A200046820 /* TestimonialsTableViewController.m */ = {isa = PBXFileReference; fileEncoding = 4; lastKnownFileType = sourcecode.c.objc; path = TestimonialsTableViewController.m; sourceTree = "<group>"; };
		EFEF6E191A4F7BF100046820 /* Twitter.framework */ = {isa = PBXFileReference; lastKnownFileType = wrapper.framework; name = Twitter.framework; path = System/Library/Frameworks/Twitter.framework; sourceTree = SDKROOT; };
		EFEF6E1E1A4F80C800046820 /* Parse.framework */ = {isa = PBXFileReference; lastKnownFileType = wrapper.framework; path = Parse.framework; sourceTree = "<group>"; };
		EFEF6E201A4F80F000046820 /* AudioToolbox.framework */ = {isa = PBXFileReference; lastKnownFileType = wrapper.framework; name = AudioToolbox.framework; path = System/Library/Frameworks/AudioToolbox.framework; sourceTree = SDKROOT; };
		EFEF6E221A4F80F700046820 /* CFNetwork.framework */ = {isa = PBXFileReference; lastKnownFileType = wrapper.framework; name = CFNetwork.framework; path = System/Library/Frameworks/CFNetwork.framework; sourceTree = SDKROOT; };
		EFEF6E241A4F810000046820 /* CoreGraphics.framework */ = {isa = PBXFileReference; lastKnownFileType = wrapper.framework; name = CoreGraphics.framework; path = System/Library/Frameworks/CoreGraphics.framework; sourceTree = SDKROOT; };
		EFEF6E261A4F810600046820 /* CoreLocation.framework */ = {isa = PBXFileReference; lastKnownFileType = wrapper.framework; name = CoreLocation.framework; path = System/Library/Frameworks/CoreLocation.framework; sourceTree = SDKROOT; };
		EFEF6E281A4F810E00046820 /* MobileCoreServices.framework */ = {isa = PBXFileReference; lastKnownFileType = wrapper.framework; name = MobileCoreServices.framework; path = System/Library/Frameworks/MobileCoreServices.framework; sourceTree = SDKROOT; };
		EFEF6E2A1A4F811800046820 /* QuartzCore.framework */ = {isa = PBXFileReference; lastKnownFileType = wrapper.framework; name = QuartzCore.framework; path = System/Library/Frameworks/QuartzCore.framework; sourceTree = SDKROOT; };
		EFEF6E2C1A4F812100046820 /* Security.framework */ = {isa = PBXFileReference; lastKnownFileType = wrapper.framework; name = Security.framework; path = System/Library/Frameworks/Security.framework; sourceTree = SDKROOT; };
		EFEF6E2E1A4F812900046820 /* StoreKit.framework */ = {isa = PBXFileReference; lastKnownFileType = wrapper.framework; name = StoreKit.framework; path = System/Library/Frameworks/StoreKit.framework; sourceTree = SDKROOT; };
		EFEF6E301A4F813300046820 /* SystemConfiguration.framework */ = {isa = PBXFileReference; lastKnownFileType = wrapper.framework; name = SystemConfiguration.framework; path = System/Library/Frameworks/SystemConfiguration.framework; sourceTree = SDKROOT; };
		EFEF6E321A4F814000046820 /* libz.dylib */ = {isa = PBXFileReference; lastKnownFileType = "compiled.mach-o.dylib"; name = libz.dylib; path = usr/lib/libz.dylib; sourceTree = SDKROOT; };
		EFEF6E341A4F815800046820 /* libsqlite3.dylib */ = {isa = PBXFileReference; lastKnownFileType = "compiled.mach-o.dylib"; name = libsqlite3.dylib; path = usr/lib/libsqlite3.dylib; sourceTree = SDKROOT; };
		F33D8BE91A64B8D000E5C250 /* back2.png */ = {isa = PBXFileReference; lastKnownFileType = image.png; path = back2.png; sourceTree = "<group>"; };
		F3C35D071A65DA3E00071C41 /* close.png */ = {isa = PBXFileReference; lastKnownFileType = image.png; path = close.png; sourceTree = "<group>"; };
		F3C35D091A6605B000071C41 /* engrane.png */ = {isa = PBXFileReference; lastKnownFileType = image.png; path = engrane.png; sourceTree = "<group>"; };
		F3C35D4B1A66566200071C41 /* iconos_categorias-02.png */ = {isa = PBXFileReference; lastKnownFileType = image.png; path = "iconos_categorias-02.png"; sourceTree = "<group>"; };
		F3C35D4D1A66568500071C41 /* iconos_categorias-04.png */ = {isa = PBXFileReference; lastKnownFileType = image.png; path = "iconos_categorias-04.png"; sourceTree = "<group>"; };
		F3C35D4F1A66569F00071C41 /* iconos_categorias-06.png */ = {isa = PBXFileReference; lastKnownFileType = image.png; path = "iconos_categorias-06.png"; sourceTree = "<group>"; };
		F3C35D511A6656B500071C41 /* iconos_categorias-03.png */ = {isa = PBXFileReference; lastKnownFileType = image.png; path = "iconos_categorias-03.png"; sourceTree = "<group>"; };
		F3C35D531A6656CE00071C41 /* iconos_categorias-05.png */ = {isa = PBXFileReference; lastKnownFileType = image.png; path = "iconos_categorias-05.png"; sourceTree = "<group>"; };
		F3C35D551A6656DC00071C41 /* iconos_categorias-07.png */ = {isa = PBXFileReference; lastKnownFileType = image.png; path = "iconos_categorias-07.png"; sourceTree = "<group>"; };
		F3C35D571A665E6100071C41 /* botones_navegacion_settins.png */ = {isa = PBXFileReference; lastKnownFileType = image.png; path = botones_navegacion_settins.png; sourceTree = "<group>"; };
		F3C35D591A6660D500071C41 /* jd.png */ = {isa = PBXFileReference; lastKnownFileType = image.png; path = jd.png; sourceTree = "<group>"; };
		F3CCBE381A67580400843854 /* back.png */ = {isa = PBXFileReference; lastKnownFileType = image.png; path = back.png; sourceTree = "<group>"; };
		F3CCBE3A1A69E5E500843854 /* info4.png */ = {isa = PBXFileReference; lastKnownFileType = image.png; path = info4.png; sourceTree = "<group>"; };
		F3CCBE3B1A69E5E500843854 /* info3.png */ = {isa = PBXFileReference; lastKnownFileType = image.png; path = info3.png; sourceTree = "<group>"; };
		F3CCBE3C1A69E5E500843854 /* info1.png */ = {isa = PBXFileReference; lastKnownFileType = image.png; path = info1.png; sourceTree = "<group>"; };
		F3CCBE401A69E5EB00843854 /* info2.png */ = {isa = PBXFileReference; lastKnownFileType = image.png; path = info2.png; sourceTree = "<group>"; };
		F3CCBE411A69E5EB00843854 /* info5.png */ = {isa = PBXFileReference; lastKnownFileType = image.png; path = info5.png; sourceTree = "<group>"; };
		FEB08B2317CF39F40E70BE4B /* Pods-CIDE.debug.xcconfig */ = {isa = PBXFileReference; includeInIndex = 1; lastKnownFileType = text.xcconfig; name = "Pods-CIDE.debug.xcconfig"; path = "Pods/Target Support Files/Pods-CIDE/Pods-CIDE.debug.xcconfig"; sourceTree = "<group>"; };
/* End PBXFileReference section */

/* Begin PBXFrameworksBuildPhase section */
		EFEF6A2E1A4D123000046820 /* Frameworks */ = {
			isa = PBXFrameworksBuildPhase;
			buildActionMask = 2147483647;
			files = (
				EFB8F61B1A570208003EA845 /* Social.framework in Frameworks */,
				EFB8F6191A56CC4F003EA845 /* MapKit.framework in Frameworks */,
				EFEF6E351A4F815800046820 /* libsqlite3.dylib in Frameworks */,
				EFEF6E331A4F814000046820 /* libz.dylib in Frameworks */,
				EFEF6E311A4F813300046820 /* SystemConfiguration.framework in Frameworks */,
				EFA465E91A6F3D5D00BE92D8 /* libCorePlot-CocoaTouch.a in Frameworks */,
				EFEF6E2F1A4F812900046820 /* StoreKit.framework in Frameworks */,
				EFEF6E2D1A4F812100046820 /* Security.framework in Frameworks */,
				EFEF6E2B1A4F811800046820 /* QuartzCore.framework in Frameworks */,
				EFEF6E291A4F810E00046820 /* MobileCoreServices.framework in Frameworks */,
				EFEF6E271A4F810600046820 /* CoreLocation.framework in Frameworks */,
				EFEF6E251A4F810000046820 /* CoreGraphics.framework in Frameworks */,
				EFEF6E231A4F80F700046820 /* CFNetwork.framework in Frameworks */,
				EFEF6E211A4F80F000046820 /* AudioToolbox.framework in Frameworks */,
				EFEF6E1A1A4F7BF100046820 /* Twitter.framework in Frameworks */,
				EFEF6E1F1A4F80C800046820 /* Parse.framework in Frameworks */,
				3191832CD86C943D575AED91 /* libPods-CIDE.a in Frameworks */,
			);
			runOnlyForDeploymentPostprocessing = 0;
		};
		EFEF6A471A4D123000046820 /* Frameworks */ = {
			isa = PBXFrameworksBuildPhase;
			buildActionMask = 2147483647;
			files = (
			);
			runOnlyForDeploymentPostprocessing = 0;
		};
/* End PBXFrameworksBuildPhase section */

/* Begin PBXGroup section */
		4365F88347F75898323020D9 /* Frameworks */ = {
			isa = PBXGroup;
			children = (
				EFB8F61A1A570208003EA845 /* Social.framework */,
				EFB8F6181A56CC4F003EA845 /* MapKit.framework */,
				EFEF6E341A4F815800046820 /* libsqlite3.dylib */,
				EFEF6E321A4F814000046820 /* libz.dylib */,
				EFEF6E301A4F813300046820 /* SystemConfiguration.framework */,
				EFEF6E2E1A4F812900046820 /* StoreKit.framework */,
				EFEF6E2C1A4F812100046820 /* Security.framework */,
				EFEF6E2A1A4F811800046820 /* QuartzCore.framework */,
				EFEF6E281A4F810E00046820 /* MobileCoreServices.framework */,
				EFEF6E261A4F810600046820 /* CoreLocation.framework */,
				EFEF6E241A4F810000046820 /* CoreGraphics.framework */,
				EFEF6E221A4F80F700046820 /* CFNetwork.framework */,
				EFEF6E201A4F80F000046820 /* AudioToolbox.framework */,
				EFEF6E1E1A4F80C800046820 /* Parse.framework */,
				EFEF6E191A4F7BF100046820 /* Twitter.framework */,
				A47A3EEBC32C99FE6AE14ECA /* libPods-CIDE.a */,
			);
			name = Frameworks;
			sourceTree = "<group>";
		};
		BDDDB8E9708F670FD4C625EB /* Pods */ = {
			isa = PBXGroup;
			children = (
				FEB08B2317CF39F40E70BE4B /* Pods-CIDE.debug.xcconfig */,
				0F773C2C6F2CD1C903C2F623 /* Pods-CIDE.release.xcconfig */,
			);
			name = Pods;
			sourceTree = "<group>";
		};
		EFA4656E1A65D2FD00BE92D8 /* Fonts */ = {
			isa = PBXGroup;
			children = (
			);
			name = Fonts;
			sourceTree = "<group>";
		};
		EFA4656F1A65D32700BE92D8 /* Tutorials */ = {
			isa = PBXGroup;
			children = (
				F3CCBE3A1A69E5E500843854 /* info4.png */,
				F3CCBE3B1A69E5E500843854 /* info3.png */,
				F3CCBE3C1A69E5E500843854 /* info1.png */,
				F3CCBE401A69E5EB00843854 /* info2.png */,
				F3CCBE411A69E5EB00843854 /* info5.png */,
				F3C35D591A6660D500071C41 /* jd.png */,
				EFB8F6261A577B12003EA845 /* tut1.png */,
				EFB8F6271A577B12003EA845 /* tut2.png */,
				EFB8F6281A577B12003EA845 /* tut3.png */,
				EFB8F6291A577B12003EA845 /* tut4.png */,
				EFEF6A351A4D123000046820 /* Info.plist */,
			);
			name = Tutorials;
			sourceTree = "<group>";
		};
		EFA465991A6F3D5C00BE92D8 /* CorePlotHeaders */ = {
			isa = PBXGroup;
			children = (
				EFA4659A1A6F3D5C00BE92D8 /* CorePlot-CocoaTouch.h */,
				EFA4659B1A6F3D5C00BE92D8 /* CPTAnimation.h */,
				EFA4659C1A6F3D5C00BE92D8 /* CPTAnimationOperation.h */,
				EFA4659D1A6F3D5C00BE92D8 /* CPTAnimationPeriod.h */,
				EFA4659E1A6F3D5C00BE92D8 /* CPTAnnotation.h */,
				EFA4659F1A6F3D5C00BE92D8 /* CPTAnnotationHostLayer.h */,
				EFA465A01A6F3D5C00BE92D8 /* CPTAxis.h */,
				EFA465A11A6F3D5C00BE92D8 /* CPTAxisLabel.h */,
				EFA465A21A6F3D5C00BE92D8 /* CPTAxisLabelGroup.h */,
				EFA465A31A6F3D5C00BE92D8 /* CPTAxisSet.h */,
				EFA465A41A6F3D5C00BE92D8 /* CPTAxisTitle.h */,
				EFA465A51A6F3D5C00BE92D8 /* CPTBarPlot.h */,
				EFA465A61A6F3D5C00BE92D8 /* CPTBorderedLayer.h */,
				EFA465A71A6F3D5C00BE92D8 /* CPTCalendarFormatter.h */,
				EFA465A81A6F3D5C00BE92D8 /* CPTColor.h */,
				EFA465A91A6F3D5C00BE92D8 /* CPTColorSpace.h */,
				EFA465AA1A6F3D5C00BE92D8 /* CPTConstraints.h */,
				EFA465AB1A6F3D5C00BE92D8 /* CPTDataSourceTestCase.h */,
				EFA465AC1A6F3D5C00BE92D8 /* CPTDefinitions.h */,
				EFA465AD1A6F3D5C00BE92D8 /* CPTDerivedXYGraph.h */,
				EFA465AE1A6F3D5C00BE92D8 /* CPTExceptions.h */,
				EFA465AF1A6F3D5C00BE92D8 /* CPTFill.h */,
				EFA465B01A6F3D5C00BE92D8 /* CPTFunctionDataSource.h */,
				EFA465B11A6F3D5C00BE92D8 /* CPTGradient.h */,
				EFA465B21A6F3D5C00BE92D8 /* CPTGraph.h */,
				EFA465B31A6F3D5C00BE92D8 /* CPTGraphHostingView.h */,
				EFA465B41A6F3D5C00BE92D8 /* CPTGridLineGroup.h */,
				EFA465B51A6F3D5C00BE92D8 /* CPTGridLines.h */,
				EFA465B61A6F3D5C00BE92D8 /* CPTImage.h */,
				EFA465B71A6F3D5C00BE92D8 /* CPTLayer.h */,
				EFA465B81A6F3D5C00BE92D8 /* CPTLayerAnnotation.h */,
				EFA465B91A6F3D5C00BE92D8 /* CPTLegend.h */,
				EFA465BA1A6F3D5C00BE92D8 /* CPTLegendEntry.h */,
				EFA465BB1A6F3D5C00BE92D8 /* CPTLimitBand.h */,
				EFA465BC1A6F3D5C00BE92D8 /* CPTLineCap.h */,
				EFA465BD1A6F3D5C00BE92D8 /* CPTLineStyle.h */,
				EFA465BE1A6F3D5C00BE92D8 /* CPTMutableLineStyle.h */,
				EFA465BF1A6F3D5C00BE92D8 /* CPTMutableNumericData+TypeConversion.h */,
				EFA465C01A6F3D5C00BE92D8 /* CPTMutableNumericData.h */,
				EFA465C11A6F3D5C00BE92D8 /* CPTMutablePlotRange.h */,
				EFA465C21A6F3D5C00BE92D8 /* CPTMutableShadow.h */,
				EFA465C31A6F3D5C00BE92D8 /* CPTMutableTextStyle.h */,
				EFA465C41A6F3D5C00BE92D8 /* CPTNumericData+TypeConversion.h */,
				EFA465C51A6F3D5C00BE92D8 /* CPTNumericData.h */,
				EFA465C61A6F3D5C00BE92D8 /* CPTNumericDataType.h */,
				EFA465C71A6F3D5C00BE92D8 /* CPTPathExtensions.h */,
				EFA465C81A6F3D5C00BE92D8 /* CPTPieChart.h */,
				EFA465C91A6F3D5C00BE92D8 /* CPTPlatformSpecificCategories.h */,
				EFA465CA1A6F3D5C00BE92D8 /* CPTPlatformSpecificDefines.h */,
				EFA465CB1A6F3D5C00BE92D8 /* CPTPlatformSpecificFunctions.h */,
				EFA465CC1A6F3D5C00BE92D8 /* CPTPlot.h */,
				EFA465CD1A6F3D5C00BE92D8 /* CPTPlotArea.h */,
				EFA465CE1A6F3D5C00BE92D8 /* CPTPlotAreaFrame.h */,
				EFA465CF1A6F3D5C00BE92D8 /* CPTPlotGroup.h */,
				EFA465D01A6F3D5C00BE92D8 /* CPTPlotRange.h */,
				EFA465D11A6F3D5C00BE92D8 /* CPTPlotSpace.h */,
				EFA465D21A6F3D5C00BE92D8 /* CPTPlotSpaceAnnotation.h */,
				EFA465D31A6F3D5C00BE92D8 /* CPTPlotSymbol.h */,
				EFA465D41A6F3D5C00BE92D8 /* CPTRangePlot.h */,
				EFA465D51A6F3D5C00BE92D8 /* CPTResponder.h */,
				EFA465D61A6F3D5C00BE92D8 /* CPTScatterPlot.h */,
				EFA465D71A6F3D5C00BE92D8 /* CPTShadow.h */,
				EFA465D81A6F3D5C00BE92D8 /* CPTTestCase.h */,
				EFA465D91A6F3D5C00BE92D8 /* CPTTextLayer.h */,
				EFA465DA1A6F3D5C00BE92D8 /* CPTTextStyle.h */,
				EFA465DB1A6F3D5C00BE92D8 /* CPTTextStylePlatformSpecific.h */,
				EFA465DC1A6F3D5C00BE92D8 /* CPTTheme.h */,
				EFA465DD1A6F3D5C00BE92D8 /* CPTTimeFormatter.h */,
				EFA465DE1A6F3D5C00BE92D8 /* CPTTradingRangePlot.h */,
				EFA465DF1A6F3D5C00BE92D8 /* CPTUtilities.h */,
				EFA465E01A6F3D5C00BE92D8 /* CPTXYAxis.h */,
				EFA465E11A6F3D5C00BE92D8 /* CPTXYAxisSet.h */,
				EFA465E21A6F3D5C00BE92D8 /* CPTXYGraph.h */,
				EFA465E31A6F3D5C00BE92D8 /* CPTXYPlotSpace.h */,
				EFA465E41A6F3D5C00BE92D8 /* mainpage.h */,
				EFA465E51A6F3D5C00BE92D8 /* NSCoderExtensions.h */,
				EFA465E61A6F3D5C00BE92D8 /* NSDecimalNumberExtensions.h */,
				EFA465E71A6F3D5C00BE92D8 /* NSNumberExtensions.h */,
			);
			path = CorePlotHeaders;
			sourceTree = "<group>";
		};
		EFEF6A281A4D123000046820 = {
			isa = PBXGroup;
			children = (
				EFA465991A6F3D5C00BE92D8 /* CorePlotHeaders */,
				EFA465E81A6F3D5D00BE92D8 /* libCorePlot-CocoaTouch.a */,
				EFEF6A331A4D123000046820 /* CIDE */,
				EFEF6A4D1A4D123000046820 /* CIDETests */,
				EFEF6A321A4D123000046820 /* Products */,
				BDDDB8E9708F670FD4C625EB /* Pods */,
				4365F88347F75898323020D9 /* Frameworks */,
			);
			sourceTree = "<group>";
		};
		EFEF6A321A4D123000046820 /* Products */ = {
			isa = PBXGroup;
			children = (
				EFEF6A311A4D123000046820 /* CIDE.app */,
				EFEF6A4A1A4D123000046820 /* CIDETests.xctest */,
			);
			name = Products;
			sourceTree = "<group>";
		};
		EFEF6A331A4D123000046820 /* CIDE */ = {
			isa = PBXGroup;
			children = (
				EFEF6A381A4D123000046820 /* AppDelegate.h */,
				EFEF6A391A4D123000046820 /* AppDelegate.m */,
				EF20E9211A61FCB400542567 /* LoginFBViewController.h */,
				EF20E9221A61FCB400542567 /* LoginFBViewController.m */,
				EFB8F63E1A5A291C003EA845 /* SeeTestTableViewController.h */,
				EFB8F63F1A5A291C003EA845 /* SeeTestTableViewController.m */,
				EFB8F6411A5A296C003EA845 /* TestCellTableViewCell.h */,
				EFA465791A6AFA4500BE92D8 /* PropTableViewCell.h */,
				EFA4657A1A6AFA4500BE92D8 /* PropTableViewCell.m */,
				EFB8F6421A5A296C003EA845 /* TestCellTableViewCell.m */,
				EFB8F60B1A54BFEC003EA845 /* CategoryOptionsViewController.h */,
				EFB8F60C1A54BFEC003EA845 /* CategoryOptionsViewController.m */,
				EFB8F60E1A54C03B003EA845 /* CategoryDescriptionViewController.h */,
				EFB8F60F1A54C03B003EA845 /* CategoryDescriptionViewController.m */,
				EFB8F5FF1A54A21E003EA845 /* TutorialViewController.h */,
				EFB8F6001A54A21E003EA845 /* TutorialViewController.m */,
				EFB8F6151A56CAEE003EA845 /* Tutorial2ViewController.h */,
				EFB8F6161A56CAEE003EA845 /* Tutorial2ViewController.m */,
				EFB8F6021A54B895003EA845 /* PrincipalOptionsViewController.h */,
				EFB8F6031A54B895003EA845 /* PrincipalOptionsViewController.m */,
				EFEF6A3E1A4D123000046820 /* Testimonials.storyboard */,
				EFEF6A5A1A4D19A200046820 /* TestimonialsTableViewController.h */,
				EFEF6A5B1A4D19A200046820 /* TestimonialsTableViewController.m */,
				EFEF6A411A4D123000046820 /* Images.xcassets */,
				EFEF6A431A4D123000046820 /* LaunchScreen.xib */,
				EFEF6A341A4D123000046820 /* Supporting Files */,
				EF20E90A1A5CDDEF00542567 /* SettingsViewController.h */,
				EF20E90B1A5CDDEF00542567 /* SettingsViewController.m */,
				EF20E90D1A5D4CFF00542567 /* MapViewController.h */,
				EF20E90E1A5D4CFF00542567 /* MapViewController.m */,
				EF20E9101A5D4DE200542567 /* TestimonialFormViewController.h */,
				EF20E9111A5D4DE200542567 /* TestimonialFormViewController.m */,
				EF20E9161A5D4E6200542567 /* TestimonialsListViewController.h */,
				EF20E9171A5D4E6200542567 /* TestimonialsListViewController.m */,
				EF20E9621A62144800542567 /* PropuestasViewController.h */,
				EF20E9631A62144800542567 /* PropuestasViewController.m */,
				EF20E9651A62161100542567 /* PropuestasCategoryViewController.h */,
				EF20E9661A62161100542567 /* PropuestasCategoryViewController.m */,
				EFA4655A1A62FAA800BE92D8 /* PropuestaDetailViewController.h */,
				EFA4655B1A62FAA800BE92D8 /* PropuestaDetailViewController.m */,
				EFA4655D1A631F3100BE92D8 /* ArgumentosViewController.h */,
				EFA4655E1A631F3100BE92D8 /* ArgumentosViewController.m */,
				EFA465701A67927600BE92D8 /* TermsViewController.h */,
				EFA465711A67927600BE92D8 /* TermsViewController.m */,
				EFA465731A6795B700BE92D8 /* PropuestasMsgViewController.h */,
				EFA465741A6795B700BE92D8 /* PropuestasMsgViewController.m */,
				EFA465761A68E21400BE92D8 /* InfoViewController.h */,
				EFA465771A68E21400BE92D8 /* InfoViewController.m */,
				EFA465EA1A7557DF00BE92D8 /* CIDEColors.h */,
				EFA465EB1A7557DF00BE92D8 /* CIDEColors.m */,
			);
			path = CIDE;
			sourceTree = "<group>";
		};
		EFEF6A341A4D123000046820 /* Supporting Files */ = {
			isa = PBXGroup;
			children = (
				EFA4656F1A65D32700BE92D8 /* Tutorials */,
				EFA4656E1A65D2FD00BE92D8 /* Fonts */,
				F33D8BDD1A606A7400E5C250 /* Categories */,
				F3C35D0B1A66177600071C41 /* Fuentes */,
				F3C35D071A65DA3E00071C41 /* close.png */,
				F3C35D091A6605B000071C41 /* engrane.png */,
				F3C35D571A665E6100071C41 /* botones_navegacion_settins.png */,
				EFA465601A64DE5A00BE92D8 /* botones_navegacion_cerrar.png */,
				F3CCBE381A67580400843854 /* back.png */,
				F33D8BE91A64B8D000E5C250 /* back2.png */,
				EFA4656C1A6548D100BE92D8 /* next.png */,
				EF20E91F1A5D5FB200542567 /* fondo1.png */,
				EF20E9061A5CD8FE00542567 /* femenino.png */,
				EF20E9071A5CD8FE00542567 /* masculino.png */,
				EFB8F6201A577B12003EA845 /* Logo.png */,
				EFB8F6241A577B12003EA845 /* splash.png */,
				EFA4657C1A6E096500BE92D8 /* botones_votacion-01.png */,
				EFA4657D1A6E096500BE92D8 /* botones_votacion-02.png */,
				EFA4657E1A6E096500BE92D8 /* botones_votacion-03.png */,
				EFA4657F1A6E096500BE92D8 /* botones_votacion-04.png */,
				EFA465801A6E096500BE92D8 /* botones_votacion-05.png */,
				EFA465811A6E096500BE92D8 /* botones_votacion-06.png */,
				EFA465821A6E096500BE92D8 /* tabs_propuestas_apagados_64px-11-13.png */,
				EFA465831A6E096500BE92D8 /* tabs_propuestas_apagados_64px-11-14.png */,
				EFA465841A6E096500BE92D8 /* tabs_propuestas_apagados-09.png */,
				EFA465851A6E096500BE92D8 /* tabs_propuestas_apagados-10.png */,
				EFA465861A6E096500BE92D8 /* tabs_propuestas_encendidos_64px-11.png */,
				EFA465871A6E096500BE92D8 /* tabs_propuestas_encendidos_64px-12.png */,
				EFA465881A6E096500BE92D8 /* tabs_propuestas_encendidos-07.png */,
				EFA465891A6E096500BE92D8 /* tabs_propuestas_encendidos-08.png */,
				EFEF6A361A4D123000046820 /* main.m */,
			);
			name = "Supporting Files";
			sourceTree = "<group>";
		};
		EFEF6A4D1A4D123000046820 /* CIDETests */ = {
			isa = PBXGroup;
			children = (
				EFEF6A501A4D123000046820 /* CIDETests.m */,
				EFEF6A4E1A4D123000046820 /* Supporting Files */,
			);
			path = CIDETests;
			sourceTree = "<group>";
		};
		EFEF6A4E1A4D123000046820 /* Supporting Files */ = {
			isa = PBXGroup;
			children = (
				EFEF6A4F1A4D123000046820 /* Info.plist */,
			);
			name = "Supporting Files";
			sourceTree = "<group>";
		};
		F33D8BDD1A606A7400E5C250 /* Categories */ = {
			isa = PBXGroup;
			children = (
				F3C35D4B1A66566200071C41 /* iconos_categorias-02.png */,
				F3C35D4D1A66568500071C41 /* iconos_categorias-04.png */,
				F3C35D4F1A66569F00071C41 /* iconos_categorias-06.png */,
				F3C35D511A6656B500071C41 /* iconos_categorias-03.png */,
				F3C35D531A6656CE00071C41 /* iconos_categorias-05.png */,
				F3C35D551A6656DC00071C41 /* iconos_categorias-07.png */,
			);
			name = Categories;
			sourceTree = "<group>";
		};
		F3C35D0B1A66177600071C41 /* Fuentes */ = {
			isa = PBXGroup;
			children = (
				EFA465621A64DE7700BE92D8 /* SourceSansPro-Bold.ttf */,
				EFA465631A64DE7700BE92D8 /* SourceSansPro-Light.ttf */,
				EFA465641A64DE7700BE92D8 /* SourceSansPro-Regular.ttf */,
				EFA465651A64DE7700BE92D8 /* RobotoSlab-Regular.ttf */,
			);
			name = Fuentes;
			sourceTree = "<group>";
		};
/* End PBXGroup section */

/* Begin PBXNativeTarget section */
		EFEF6A301A4D123000046820 /* CIDE */ = {
			isa = PBXNativeTarget;
			buildConfigurationList = EFEF6A541A4D123000046820 /* Build configuration list for PBXNativeTarget "CIDE" */;
			buildPhases = (
				2BD4E66784A2125E0E86D11C /* Check Pods Manifest.lock */,
				EFEF6A2D1A4D123000046820 /* Sources */,
				EFEF6A2E1A4D123000046820 /* Frameworks */,
				EFEF6A2F1A4D123000046820 /* Resources */,
				09F8CCC568A758C6D202FBD4 /* Copy Pods Resources */,
			);
			buildRules = (
			);
			dependencies = (
			);
			name = CIDE;
			productName = CIDE;
			productReference = EFEF6A311A4D123000046820 /* CIDE.app */;
			productType = "com.apple.product-type.application";
		};
		EFEF6A491A4D123000046820 /* CIDETests */ = {
			isa = PBXNativeTarget;
			buildConfigurationList = EFEF6A571A4D123000046820 /* Build configuration list for PBXNativeTarget "CIDETests" */;
			buildPhases = (
				EFEF6A461A4D123000046820 /* Sources */,
				EFEF6A471A4D123000046820 /* Frameworks */,
				EFEF6A481A4D123000046820 /* Resources */,
			);
			buildRules = (
			);
			dependencies = (
				EFEF6A4C1A4D123000046820 /* PBXTargetDependency */,
			);
			name = CIDETests;
			productName = CIDETests;
			productReference = EFEF6A4A1A4D123000046820 /* CIDETests.xctest */;
			productType = "com.apple.product-type.bundle.unit-test";
		};
/* End PBXNativeTarget section */

/* Begin PBXProject section */
		EFEF6A291A4D123000046820 /* Project object */ = {
			isa = PBXProject;
			attributes = {
				LastUpgradeCheck = 0610;
				ORGANIZATIONNAME = "Nayely Vergara";
				TargetAttributes = {
					EFEF6A301A4D123000046820 = {
						CreatedOnToolsVersion = 6.1.1;
						DevelopmentTeam = 35F5988A69;
					};
					EFEF6A491A4D123000046820 = {
						CreatedOnToolsVersion = 6.1.1;
						DevelopmentTeam = 35F5988A69;
						TestTargetID = EFEF6A301A4D123000046820;
					};
				};
			};
			buildConfigurationList = EFEF6A2C1A4D123000046820 /* Build configuration list for PBXProject "CIDE" */;
			compatibilityVersion = "Xcode 3.2";
			developmentRegion = English;
			hasScannedForEncodings = 0;
			knownRegions = (
				en,
				Base,
				he,
			);
			mainGroup = EFEF6A281A4D123000046820;
			productRefGroup = EFEF6A321A4D123000046820 /* Products */;
			projectDirPath = "";
			projectRoot = "";
			targets = (
				EFEF6A301A4D123000046820 /* CIDE */,
				EFEF6A491A4D123000046820 /* CIDETests */,
			);
		};
/* End PBXProject section */

/* Begin PBXResourcesBuildPhase section */
		EFEF6A2F1A4D123000046820 /* Resources */ = {
			isa = PBXResourcesBuildPhase;
			buildActionMask = 2147483647;
			files = (
				EFA4658E1A6E096500BE92D8 /* botones_votacion-05.png in Resources */,
				F3C35D081A65DA3E00071C41 /* close.png in Resources */,
				EFEF6A401A4D123000046820 /* Testimonials.storyboard in Resources */,
				F3C35D561A6656DC00071C41 /* iconos_categorias-07.png in Resources */,
				F3C35D0A1A6605B000071C41 /* engrane.png in Resources */,
				EFB8F6361A577B12003EA845 /* tut1.png in Resources */,
				EFA465971A6E096500BE92D8 /* tabs_propuestas_encendidos-08.png in Resources */,
				EFA465961A6E096500BE92D8 /* tabs_propuestas_encendidos-07.png in Resources */,
				EF20E9091A5CD8FE00542567 /* masculino.png in Resources */,
				F3CCBE431A69E5EB00843854 /* info5.png in Resources */,
				F3C35D5A1A6660D500071C41 /* jd.png in Resources */,
				EFA4658A1A6E096500BE92D8 /* botones_votacion-01.png in Resources */,
				EFA465681A64DE7700BE92D8 /* SourceSansPro-Regular.ttf in Resources */,
				F3CCBE3F1A69E5E500843854 /* info1.png in Resources */,
				F3C35D501A66569F00071C41 /* iconos_categorias-06.png in Resources */,
				F3C35D4C1A66566200071C41 /* iconos_categorias-02.png in Resources */,
				F3CCBE3D1A69E5E500843854 /* info4.png in Resources */,
				F3C35D541A6656CE00071C41 /* iconos_categorias-05.png in Resources */,
				EFA465911A6E096500BE92D8 /* tabs_propuestas_apagados_64px-11-14.png in Resources */,
				F3CCBE421A69E5EB00843854 /* info2.png in Resources */,
				EFA465661A64DE7700BE92D8 /* SourceSansPro-Bold.ttf in Resources */,
				EFA465941A6E096500BE92D8 /* tabs_propuestas_encendidos_64px-11.png in Resources */,
				EFA4656D1A6548D100BE92D8 /* next.png in Resources */,
				F3C35D581A665E6100071C41 /* botones_navegacion_settins.png in Resources */,
				F33D8BEA1A64B8D000E5C250 /* back2.png in Resources */,
				EFB8F6391A577B12003EA845 /* tut4.png in Resources */,
				EFA4658F1A6E096500BE92D8 /* botones_votacion-06.png in Resources */,
				EFB8F6341A577B12003EA845 /* splash.png in Resources */,
				EFA465691A64DE7700BE92D8 /* RobotoSlab-Regular.ttf in Resources */,
				EFA465921A6E096500BE92D8 /* tabs_propuestas_apagados-09.png in Resources */,
				EFA4658D1A6E096500BE92D8 /* botones_votacion-04.png in Resources */,
				EFB8F6301A577B12003EA845 /* Logo.png in Resources */,
				EFB8F6381A577B12003EA845 /* tut3.png in Resources */,
				EFB8F6371A577B12003EA845 /* tut2.png in Resources */,
				EFEF6A451A4D123000046820 /* LaunchScreen.xib in Resources */,
				EFA465671A64DE7700BE92D8 /* SourceSansPro-Light.ttf in Resources */,
				F3CCBE3E1A69E5E500843854 /* info3.png in Resources */,
				F3C35D4E1A66568500071C41 /* iconos_categorias-04.png in Resources */,
				EFA465931A6E096500BE92D8 /* tabs_propuestas_apagados-10.png in Resources */,
				F3C35D521A6656B500071C41 /* iconos_categorias-03.png in Resources */,
				EFEF6A421A4D123000046820 /* Images.xcassets in Resources */,
				EFA4658C1A6E096500BE92D8 /* botones_votacion-03.png in Resources */,
				EFA465951A6E096500BE92D8 /* tabs_propuestas_encendidos_64px-12.png in Resources */,
				F3CCBE391A67580400843854 /* back.png in Resources */,
				EF20E9081A5CD8FE00542567 /* femenino.png in Resources */,
				EFA4658B1A6E096500BE92D8 /* botones_votacion-02.png in Resources */,
				EF20E9201A5D5FB200542567 /* fondo1.png in Resources */,
				EFA465611A64DE5A00BE92D8 /* botones_navegacion_cerrar.png in Resources */,
				EFA465901A6E096500BE92D8 /* tabs_propuestas_apagados_64px-11-13.png in Resources */,
			);
			runOnlyForDeploymentPostprocessing = 0;
		};
		EFEF6A481A4D123000046820 /* Resources */ = {
			isa = PBXResourcesBuildPhase;
			buildActionMask = 2147483647;
			files = (
			);
			runOnlyForDeploymentPostprocessing = 0;
		};
/* End PBXResourcesBuildPhase section */

/* Begin PBXShellScriptBuildPhase section */
		09F8CCC568A758C6D202FBD4 /* Copy Pods Resources */ = {
			isa = PBXShellScriptBuildPhase;
			buildActionMask = 2147483647;
			files = (
			);
			inputPaths = (
			);
			name = "Copy Pods Resources";
			outputPaths = (
			);
			runOnlyForDeploymentPostprocessing = 0;
			shellPath = /bin/sh;
			shellScript = "\"${SRCROOT}/Pods/Target Support Files/Pods-CIDE/Pods-CIDE-resources.sh\"\n";
			showEnvVarsInLog = 0;
		};
		2BD4E66784A2125E0E86D11C /* Check Pods Manifest.lock */ = {
			isa = PBXShellScriptBuildPhase;
			buildActionMask = 2147483647;
			files = (
			);
			inputPaths = (
			);
			name = "Check Pods Manifest.lock";
			outputPaths = (
			);
			runOnlyForDeploymentPostprocessing = 0;
			shellPath = /bin/sh;
			shellScript = "diff \"${PODS_ROOT}/../Podfile.lock\" \"${PODS_ROOT}/Manifest.lock\" > /dev/null\nif [[ $? != 0 ]] ; then\n    cat << EOM\nerror: The sandbox is not in sync with the Podfile.lock. Run 'pod install' or update your CocoaPods installation.\nEOM\n    exit 1\nfi\n";
			showEnvVarsInLog = 0;
		};
/* End PBXShellScriptBuildPhase section */

/* Begin PBXSourcesBuildPhase section */
		EFEF6A2D1A4D123000046820 /* Sources */ = {
			isa = PBXSourcesBuildPhase;
			buildActionMask = 2147483647;
			files = (
				EF20E9641A62144800542567 /* PropuestasViewController.m in Sources */,
				EFA4655F1A631F3100BE92D8 /* ArgumentosViewController.m in Sources */,
				EFA465781A68E21400BE92D8 /* InfoViewController.m in Sources */,
				EFB8F6041A54B895003EA845 /* PrincipalOptionsViewController.m in Sources */,
				EFB8F6171A56CAEE003EA845 /* Tutorial2ViewController.m in Sources */,
				EF20E9181A5D4E6200542567 /* TestimonialsListViewController.m in Sources */,
				EFEF6A5C1A4D19A200046820 /* TestimonialsTableViewController.m in Sources */,
				EFA465751A6795B700BE92D8 /* PropuestasMsgViewController.m in Sources */,
				EF20E90F1A5D4CFF00542567 /* MapViewController.m in Sources */,
				EF20E9121A5D4DE200542567 /* TestimonialFormViewController.m in Sources */,
				EFA4655C1A62FAA800BE92D8 /* PropuestaDetailViewController.m in Sources */,
				EFA4657B1A6AFA4500BE92D8 /* PropTableViewCell.m in Sources */,
				EFB8F6401A5A291C003EA845 /* SeeTestTableViewController.m in Sources */,
				EFA465721A67927600BE92D8 /* TermsViewController.m in Sources */,
				EFA465EC1A7557DF00BE92D8 /* CIDEColors.m in Sources */,
				EF20E9671A62161100542567 /* PropuestasCategoryViewController.m in Sources */,
				EFB8F60D1A54BFEC003EA845 /* CategoryOptionsViewController.m in Sources */,
				EFB8F6431A5A296C003EA845 /* TestCellTableViewCell.m in Sources */,
				EFEF6A3A1A4D123000046820 /* AppDelegate.m in Sources */,
				EFEF6A371A4D123000046820 /* main.m in Sources */,
				EF20E90C1A5CDDEF00542567 /* SettingsViewController.m in Sources */,
				EF20E9231A61FCB400542567 /* LoginFBViewController.m in Sources */,
				EFB8F6011A54A21E003EA845 /* TutorialViewController.m in Sources */,
				EFB8F6101A54C03B003EA845 /* CategoryDescriptionViewController.m in Sources */,
			);
			runOnlyForDeploymentPostprocessing = 0;
		};
		EFEF6A461A4D123000046820 /* Sources */ = {
			isa = PBXSourcesBuildPhase;
			buildActionMask = 2147483647;
			files = (
				EFEF6A511A4D123000046820 /* CIDETests.m in Sources */,
			);
			runOnlyForDeploymentPostprocessing = 0;
		};
/* End PBXSourcesBuildPhase section */

/* Begin PBXTargetDependency section */
		EFEF6A4C1A4D123000046820 /* PBXTargetDependency */ = {
			isa = PBXTargetDependency;
			target = EFEF6A301A4D123000046820 /* CIDE */;
			targetProxy = EFEF6A4B1A4D123000046820 /* PBXContainerItemProxy */;
		};
/* End PBXTargetDependency section */

/* Begin PBXVariantGroup section */
		EFEF6A3E1A4D123000046820 /* Testimonials.storyboard */ = {
			isa = PBXVariantGroup;
			children = (
				EFEF6A3F1A4D123000046820 /* Base */,
			);
			name = Testimonials.storyboard;
			sourceTree = "<group>";
		};
		EFEF6A431A4D123000046820 /* LaunchScreen.xib */ = {
			isa = PBXVariantGroup;
			children = (
				EFEF6A441A4D123000046820 /* Base */,
			);
			name = LaunchScreen.xib;
			sourceTree = "<group>";
		};
/* End PBXVariantGroup section */

/* Begin XCBuildConfiguration section */
		EFEF6A521A4D123000046820 /* Debug */ = {
			isa = XCBuildConfiguration;
			buildSettings = {
				ALWAYS_SEARCH_USER_PATHS = NO;
				CLANG_CXX_LANGUAGE_STANDARD = "gnu++0x";
				CLANG_CXX_LIBRARY = "libc++";
				CLANG_ENABLE_MODULES = YES;
				CLANG_ENABLE_OBJC_ARC = YES;
				CLANG_WARN_BOOL_CONVERSION = YES;
				CLANG_WARN_CONSTANT_CONVERSION = YES;
				CLANG_WARN_DIRECT_OBJC_ISA_USAGE = YES_ERROR;
				CLANG_WARN_EMPTY_BODY = YES;
				CLANG_WARN_ENUM_CONVERSION = YES;
				CLANG_WARN_INT_CONVERSION = YES;
				CLANG_WARN_OBJC_ROOT_CLASS = YES_ERROR;
				CLANG_WARN_UNREACHABLE_CODE = YES;
				CLANG_WARN__DUPLICATE_METHOD_MATCH = YES;
				"CODE_SIGN_IDENTITY[sdk=iphoneos*]" = "iPhone Developer";
				COPY_PHASE_STRIP = NO;
				ENABLE_STRICT_OBJC_MSGSEND = YES;
				GCC_C_LANGUAGE_STANDARD = gnu99;
				GCC_DYNAMIC_NO_PIC = NO;
				GCC_OPTIMIZATION_LEVEL = 0;
				GCC_PREPROCESSOR_DEFINITIONS = (
					"DEBUG=1",
					"$(inherited)",
				);
				GCC_SYMBOLS_PRIVATE_EXTERN = NO;
				GCC_WARN_64_TO_32_BIT_CONVERSION = YES;
				GCC_WARN_ABOUT_RETURN_TYPE = YES_ERROR;
				GCC_WARN_UNDECLARED_SELECTOR = YES;
				GCC_WARN_UNINITIALIZED_AUTOS = YES_AGGRESSIVE;
				GCC_WARN_UNUSED_FUNCTION = YES;
				GCC_WARN_UNUSED_VARIABLE = YES;
				IPHONEOS_DEPLOYMENT_TARGET = 8.1;
				MTL_ENABLE_DEBUG_INFO = YES;
				ONLY_ACTIVE_ARCH = YES;
				SDKROOT = iphoneos;
			};
			name = Debug;
		};
		EFEF6A531A4D123000046820 /* Release */ = {
			isa = XCBuildConfiguration;
			buildSettings = {
				ALWAYS_SEARCH_USER_PATHS = NO;
				CLANG_CXX_LANGUAGE_STANDARD = "gnu++0x";
				CLANG_CXX_LIBRARY = "libc++";
				CLANG_ENABLE_MODULES = YES;
				CLANG_ENABLE_OBJC_ARC = YES;
				CLANG_WARN_BOOL_CONVERSION = YES;
				CLANG_WARN_CONSTANT_CONVERSION = YES;
				CLANG_WARN_DIRECT_OBJC_ISA_USAGE = YES_ERROR;
				CLANG_WARN_EMPTY_BODY = YES;
				CLANG_WARN_ENUM_CONVERSION = YES;
				CLANG_WARN_INT_CONVERSION = YES;
				CLANG_WARN_OBJC_ROOT_CLASS = YES_ERROR;
				CLANG_WARN_UNREACHABLE_CODE = YES;
				CLANG_WARN__DUPLICATE_METHOD_MATCH = YES;
				"CODE_SIGN_IDENTITY[sdk=iphoneos*]" = "iPhone Developer";
				COPY_PHASE_STRIP = YES;
				ENABLE_NS_ASSERTIONS = NO;
				ENABLE_STRICT_OBJC_MSGSEND = YES;
				GCC_C_LANGUAGE_STANDARD = gnu99;
				GCC_WARN_64_TO_32_BIT_CONVERSION = YES;
				GCC_WARN_ABOUT_RETURN_TYPE = YES_ERROR;
				GCC_WARN_UNDECLARED_SELECTOR = YES;
				GCC_WARN_UNINITIALIZED_AUTOS = YES_AGGRESSIVE;
				GCC_WARN_UNUSED_FUNCTION = YES;
				GCC_WARN_UNUSED_VARIABLE = YES;
				IPHONEOS_DEPLOYMENT_TARGET = 8.1;
				MTL_ENABLE_DEBUG_INFO = NO;
				SDKROOT = iphoneos;
				VALIDATE_PRODUCT = YES;
			};
			name = Release;
		};
		EFEF6A551A4D123000046820 /* Debug */ = {
			isa = XCBuildConfiguration;
			baseConfigurationReference = FEB08B2317CF39F40E70BE4B /* Pods-CIDE.debug.xcconfig */;
			buildSettings = {
				ASSETCATALOG_COMPILER_APPICON_NAME = AppIcon;
				CODE_SIGN_IDENTITY = "iPhone Developer";
				"CODE_SIGN_IDENTITY[sdk=iphoneos*]" = "iPhone Developer";
				FRAMEWORK_SEARCH_PATHS = (
					"$(inherited)",
					"$(PROJECT_DIR)/FacebookSDK",
					"$(PROJECT_DIR)",
				);
				INFOPLIST_FILE = CIDE/Info.plist;
				IPHONEOS_DEPLOYMENT_TARGET = 7.1;
				LD_RUNPATH_SEARCH_PATHS = "$(inherited) @executable_path/Frameworks";
				LIBRARY_SEARCH_PATHS = (
					"$(inherited)",
					"$(PROJECT_DIR)",
				);
				PRODUCT_NAME = "$(TARGET_NAME)";
				PROVISIONING_PROFILE = "";
			};
			name = Debug;
		};
		EFEF6A561A4D123000046820 /* Release */ = {
			isa = XCBuildConfiguration;
			baseConfigurationReference = 0F773C2C6F2CD1C903C2F623 /* Pods-CIDE.release.xcconfig */;
			buildSettings = {
				ASSETCATALOG_COMPILER_APPICON_NAME = AppIcon;
				CODE_SIGN_IDENTITY = "iPhone Developer";
				"CODE_SIGN_IDENTITY[sdk=iphoneos*]" = "iPhone Developer";
				FRAMEWORK_SEARCH_PATHS = (
					"$(inherited)",
					"$(PROJECT_DIR)/FacebookSDK",
					"$(PROJECT_DIR)",
				);
				INFOPLIST_FILE = CIDE/Info.plist;
				IPHONEOS_DEPLOYMENT_TARGET = 7.1;
				LD_RUNPATH_SEARCH_PATHS = "$(inherited) @executable_path/Frameworks";
				LIBRARY_SEARCH_PATHS = (
					"$(inherited)",
					"$(PROJECT_DIR)",
				);
				PRODUCT_NAME = "$(TARGET_NAME)";
				PROVISIONING_PROFILE = "";
			};
			name = Release;
		};
		EFEF6A581A4D123000046820 /* Debug */ = {
			isa = XCBuildConfiguration;
			buildSettings = {
				BUNDLE_LOADER = "$(TEST_HOST)";
				FRAMEWORK_SEARCH_PATHS = (
					"$(SDKROOT)/Developer/Library/Frameworks",
					"$(inherited)",
				);
				GCC_PREPROCESSOR_DEFINITIONS = (
					"DEBUG=1",
					"$(inherited)",
				);
				INFOPLIST_FILE = CIDETests/Info.plist;
				LD_RUNPATH_SEARCH_PATHS = "$(inherited) @executable_path/Frameworks @loader_path/Frameworks";
				PRODUCT_NAME = "$(TARGET_NAME)";
				TEST_HOST = "$(BUILT_PRODUCTS_DIR)/CIDE.app/CIDE";
			};
			name = Debug;
		};
		EFEF6A591A4D123000046820 /* Release */ = {
			isa = XCBuildConfiguration;
			buildSettings = {
				BUNDLE_LOADER = "$(TEST_HOST)";
				FRAMEWORK_SEARCH_PATHS = (
					"$(SDKROOT)/Developer/Library/Frameworks",
					"$(inherited)",
				);
				INFOPLIST_FILE = CIDETests/Info.plist;
				LD_RUNPATH_SEARCH_PATHS = "$(inherited) @executable_path/Frameworks @loader_path/Frameworks";
				PRODUCT_NAME = "$(TARGET_NAME)";
				TEST_HOST = "$(BUILT_PRODUCTS_DIR)/CIDE.app/CIDE";
			};
			name = Release;
		};
/* End XCBuildConfiguration section */

/* Begin XCConfigurationList section */
		EFEF6A2C1A4D123000046820 /* Build configuration list for PBXProject "CIDE" */ = {
			isa = XCConfigurationList;
			buildConfigurations = (
				EFEF6A521A4D123000046820 /* Debug */,
				EFEF6A531A4D123000046820 /* Release */,
			);
			defaultConfigurationIsVisible = 0;
			defaultConfigurationName = Release;
		};
		EFEF6A541A4D123000046820 /* Build configuration list for PBXNativeTarget "CIDE" */ = {
			isa = XCConfigurationList;
			buildConfigurations = (
				EFEF6A551A4D123000046820 /* Debug */,
				EFEF6A561A4D123000046820 /* Release */,
			);
			defaultConfigurationIsVisible = 0;
			defaultConfigurationName = Release;
		};
		EFEF6A571A4D123000046820 /* Build configuration list for PBXNativeTarget "CIDETests" */ = {
			isa = XCConfigurationList;
			buildConfigurations = (
				EFEF6A581A4D123000046820 /* Debug */,
				EFEF6A591A4D123000046820 /* Release */,
			);
			defaultConfigurationIsVisible = 0;
			defaultConfigurationName = Release;
		};
/* End XCConfigurationList section */
	};
	rootObject = EFEF6A291A4D123000046820 /* Project object */;
}
